// !$*UTF8*$!
{
	archiveVersion = 1;
	classes = {
	};
	objectVersion = 53;
	objects = {

/* Begin PBXBuildFile section */
		2401CE37248456D9002FD434 /* CommonModifiers.swift in Sources */ = {isa = PBXBuildFile; fileRef = 2401CE36248456D9002FD434 /* CommonModifiers.swift */; };
		24047A1D2479046B0015BD80 /* CloudKit.framework in Frameworks */ = {isa = PBXBuildFile; fileRef = 24047A1C2479046B0015BD80 /* CloudKit.framework */; };
		24124C3B24855C1A0063F07F /* SafariView.swift in Sources */ = {isa = PBXBuildFile; fileRef = 24124C3A24855C1A0063F07F /* SafariView.swift */; };
		24124C3D24855C430063F07F /* ScrollImageView.swift in Sources */ = {isa = PBXBuildFile; fileRef = 24124C3C24855C430063F07F /* ScrollImageView.swift */; };
		24124C3F24855C6E0063F07F /* YoutubeEmbedView.swift in Sources */ = {isa = PBXBuildFile; fileRef = 24124C3E24855C6E0063F07F /* YoutubeEmbedView.swift */; };
		24124C4124855EEF0063F07F /* RelativeTime.swift in Sources */ = {isa = PBXBuildFile; fileRef = 24124C4024855EEF0063F07F /* RelativeTime.swift */; };
		2425E827247B065000977CC3 /* RedditResponsable.swift in Sources */ = {isa = PBXBuildFile; fileRef = 2425E826247B065000977CC3 /* RedditResponsable.swift */; };
		2429DD3D247E3C27001182DC /* README.md in Resources */ = {isa = PBXBuildFile; fileRef = 2429DD3C247E3C27001182DC /* README.md */; };
		24341BE7247D938E00D53AF8 /* VideoViewer.swift in Sources */ = {isa = PBXBuildFile; fileRef = 24341BE6247D938E00D53AF8 /* VideoViewer.swift */; };
		2437F56B247C2CCF00ADE90A /* SubredditsManage.swift in Sources */ = {isa = PBXBuildFile; fileRef = 2437F56A247C2CCF00ADE90A /* SubredditsManage.swift */; };
		243A13A0247C9B7100510C0F /* RedditIdentifiable.swift in Sources */ = {isa = PBXBuildFile; fileRef = 243A139F247C9B7100510C0F /* RedditIdentifiable.swift */; };
		243AB1E72482CEDC00AC5504 /* Crypto.swift in Sources */ = {isa = PBXBuildFile; fileRef = 243AB1E62482CEDC00AC5504 /* Crypto.swift */; };
		243AB1EA2482D02600AC5504 /* RedditComment.swift in Sources */ = {isa = PBXBuildFile; fileRef = 243AB1E92482D02600AC5504 /* RedditComment.swift */; };
		243AB1EC2482D05C00AC5504 /* RedditPost.swift in Sources */ = {isa = PBXBuildFile; fileRef = 243AB1EB2482D05C00AC5504 /* RedditPost.swift */; };
		243AB1EE2482D0AA00AC5504 /* RedditSubreddit.swift in Sources */ = {isa = PBXBuildFile; fileRef = 243AB1ED2482D0AA00AC5504 /* RedditSubreddit.swift */; };
		243C006B2478D209007CAD9F /* SubredditViewModels.swift in Sources */ = {isa = PBXBuildFile; fileRef = 243C006A2478D209007CAD9F /* SubredditViewModels.swift */; };
		243C006D2478D250007CAD9F /* LocalView.swift in Sources */ = {isa = PBXBuildFile; fileRef = 243C006C2478D250007CAD9F /* LocalView.swift */; };
		243C006F2478D27F007CAD9F /* RedditViewModel.swift in Sources */ = {isa = PBXBuildFile; fileRef = 243C006E2478D27F007CAD9F /* RedditViewModel.swift */; };
		243C00712478D827007CAD9F /* UserPost.swift in Sources */ = {isa = PBXBuildFile; fileRef = 243C00702478D827007CAD9F /* UserPost.swift */; };
		2441681A248409F100401FD3 /* BlurView.swift in Sources */ = {isa = PBXBuildFile; fileRef = 24416819248409F100401FD3 /* BlurView.swift */; };
		2442248D247AF51800C20D9E /* SubredditPostBody.swift in Sources */ = {isa = PBXBuildFile; fileRef = 2442248C247AF51800C20D9E /* SubredditPostBody.swift */; };
		245AB72A2483129D00FBD0DC /* SwipeActions.swift in Sources */ = {isa = PBXBuildFile; fileRef = 245AB7292483129D00FBD0DC /* SwipeActions.swift */; };
		247DFD09248406CA00B53B49 /* ImageDownloadView.swift in Sources */ = {isa = PBXBuildFile; fileRef = 247DFD08248406CA00B53B49 /* ImageDownloadView.swift */; };
		247DFD0C2484075F00B53B49 /* RedditView.swift in Sources */ = {isa = PBXBuildFile; fileRef = 247DFD0B2484075F00B53B49 /* RedditView.swift */; };
		247DFD0E2484081800B53B49 /* LoadingViews.swift in Sources */ = {isa = PBXBuildFile; fileRef = 247DFD0D2484081800B53B49 /* LoadingViews.swift */; };
		248E2C8A2484424600CAAAFA /* SectionHeader.swift in Sources */ = {isa = PBXBuildFile; fileRef = 248E2C892484424600CAAAFA /* SectionHeader.swift */; };
		248E2C8C2484550E00CAAAFA /* PriorityIcon.swift in Sources */ = {isa = PBXBuildFile; fileRef = 248E2C8B2484550E00CAAAFA /* PriorityIcon.swift */; };
		24A2D14124789887007E4111 /* Extensions.swift in Sources */ = {isa = PBXBuildFile; fileRef = 24A2D14024789887007E4111 /* Extensions.swift */; };
		24B35B722434FED00088569E /* BrowseView.swift in Sources */ = {isa = PBXBuildFile; fileRef = 24B35B712434FED00088569E /* BrowseView.swift */; };
		24B3CD9D2433DEBF006BF9DD /* RedditAuth.swift in Sources */ = {isa = PBXBuildFile; fileRef = 24B3CD9C2433DEBF006BF9DD /* RedditAuth.swift */; };
		24B7CEBE2474FB8700823BB1 /* Welcome.swift in Sources */ = {isa = PBXBuildFile; fileRef = 24B7CEBD2474FB8700823BB1 /* Welcome.swift */; };
		24B7CEC12474FF8800823BB1 /* Colors.swift in Sources */ = {isa = PBXBuildFile; fileRef = 24B7CEC02474FF8800823BB1 /* Colors.swift */; };
		24B7CEC62477329100823BB1 /* SubredditPostsViewModel.swift in Sources */ = {isa = PBXBuildFile; fileRef = 24B7CEC52477329100823BB1 /* SubredditPostsViewModel.swift */; };
		24B7CEC82477330800823BB1 /* RedditContainers.swift in Sources */ = {isa = PBXBuildFile; fileRef = 24B7CEC72477330800823BB1 /* RedditContainers.swift */; };
		24B8FFB1243506980029734C /* SearchBar.swift in Sources */ = {isa = PBXBuildFile; fileRef = 24B8FFB0243506980029734C /* SearchBar.swift */; };
		24B8FFB424351E740029734C /* RedditClient.swift in Sources */ = {isa = PBXBuildFile; fileRef = 24B8FFB324351E740029734C /* RedditClient.swift */; };
		24BA8A3F2479819E00E04579 /* SubredditPostView.swift in Sources */ = {isa = PBXBuildFile; fileRef = 24BA8A3E2479819E00E04579 /* SubredditPostView.swift */; };
		24BA8A412479834200E04579 /* CommonViews.swift in Sources */ = {isa = PBXBuildFile; fileRef = 24BA8A402479834200E04579 /* CommonViews.swift */; };
		24BA8A4324799F2200E04579 /* UserModel.swift in Sources */ = {isa = PBXBuildFile; fileRef = 24BA8A4224799F2200E04579 /* UserModel.swift */; };
		24C7AC432478F86A00200C0D /* CoreData.xcdatamodeld in Sources */ = {isa = PBXBuildFile; fileRef = 24C7AC412478F86A00200C0D /* CoreData.xcdatamodeld */; };
		24D1AA032482C9F900262769 /* Predicates.swift in Sources */ = {isa = PBXBuildFile; fileRef = 24D1AA022482C9F900262769 /* Predicates.swift */; };
		24D740FC2433CE6A00407F8B /* AppDelegate.swift in Sources */ = {isa = PBXBuildFile; fileRef = 24D740FB2433CE6A00407F8B /* AppDelegate.swift */; };
		24D741012433CE6A00407F8B /* SceneDelegate.swift in Sources */ = {isa = PBXBuildFile; fileRef = 24D741002433CE6A00407F8B /* SceneDelegate.swift */; };
		24D741052433CE6A00407F8B /* ContentView.swift in Sources */ = {isa = PBXBuildFile; fileRef = 24D741042433CE6A00407F8B /* ContentView.swift */; };
		24D741072433CE6C00407F8B /* Assets.xcassets in Resources */ = {isa = PBXBuildFile; fileRef = 24D741062433CE6C00407F8B /* Assets.xcassets */; };
		24D7410A2433CE6C00407F8B /* Preview Assets.xcassets in Resources */ = {isa = PBXBuildFile; fileRef = 24D741092433CE6C00407F8B /* Preview Assets.xcassets */; };
		24D7410D2433CE6C00407F8B /* LaunchScreen.storyboard in Resources */ = {isa = PBXBuildFile; fileRef = 24D7410B2433CE6C00407F8B /* LaunchScreen.storyboard */; };
		24D741182433D52300407F8B /* CoreDataModel.swift in Sources */ = {isa = PBXBuildFile; fileRef = 24D741172433D52300407F8B /* CoreDataModel.swift */; };
		24D7411D2433D8D600407F8B /* UserSubreddit.swift in Sources */ = {isa = PBXBuildFile; fileRef = 24D7411C2433D8D600407F8B /* UserSubreddit.swift */; };
		24D7411F2433DAA300407F8B /* SubredditsView.swift in Sources */ = {isa = PBXBuildFile; fileRef = 24D7411E2433DAA300407F8B /* SubredditsView.swift */; };
		24D741212433DAD100407F8B /* SubredditPostsView.swift in Sources */ = {isa = PBXBuildFile; fileRef = 24D741202433DAD100407F8B /* SubredditPostsView.swift */; };
		24F04F15247B61EF00817B72 /* SubredditPostListEntry.swift in Sources */ = {isa = PBXBuildFile; fileRef = 24F04F14247B61EF00817B72 /* SubredditPostListEntry.swift */; };
		24F04F1D247B9C8400817B72 /* UserPostMetadata.swift in Sources */ = {isa = PBXBuildFile; fileRef = 24F04F1C247B9C8400817B72 /* UserPostMetadata.swift */; };
		24FBF1D8247CE51F00342580 /* ImageDownloadViewModel.swift in Sources */ = {isa = PBXBuildFile; fileRef = 24FBF1D7247CE51F00342580 /* ImageDownloadViewModel.swift */; };
/* End PBXBuildFile section */

/* Begin PBXFileReference section */
		2401CE36248456D9002FD434 /* CommonModifiers.swift */ = {isa = PBXFileReference; lastKnownFileType = sourcecode.swift; path = CommonModifiers.swift; sourceTree = "<group>"; };
		24047A1A247904680015BD80 /* Ressit.entitlements */ = {isa = PBXFileReference; lastKnownFileType = text.plist.entitlements; path = Ressit.entitlements; sourceTree = "<group>"; };
		24047A1C2479046B0015BD80 /* CloudKit.framework */ = {isa = PBXFileReference; lastKnownFileType = wrapper.framework; name = CloudKit.framework; path = System/Library/Frameworks/CloudKit.framework; sourceTree = SDKROOT; };
		24124C3A24855C1A0063F07F /* SafariView.swift */ = {isa = PBXFileReference; lastKnownFileType = sourcecode.swift; path = SafariView.swift; sourceTree = "<group>"; };
		24124C3C24855C430063F07F /* ScrollImageView.swift */ = {isa = PBXFileReference; lastKnownFileType = sourcecode.swift; path = ScrollImageView.swift; sourceTree = "<group>"; };
		24124C3E24855C6E0063F07F /* YoutubeEmbedView.swift */ = {isa = PBXFileReference; lastKnownFileType = sourcecode.swift; path = YoutubeEmbedView.swift; sourceTree = "<group>"; };
		24124C4024855EEF0063F07F /* RelativeTime.swift */ = {isa = PBXFileReference; lastKnownFileType = sourcecode.swift; path = RelativeTime.swift; sourceTree = "<group>"; };
		2425E826247B065000977CC3 /* RedditResponsable.swift */ = {isa = PBXFileReference; lastKnownFileType = sourcecode.swift; path = RedditResponsable.swift; sourceTree = "<group>"; };
		2429DD3C247E3C27001182DC /* README.md */ = {isa = PBXFileReference; fileEncoding = 4; lastKnownFileType = net.daringfireball.markdown; path = README.md; sourceTree = "<group>"; };
		24341BE6247D938E00D53AF8 /* VideoViewer.swift */ = {isa = PBXFileReference; lastKnownFileType = sourcecode.swift; path = VideoViewer.swift; sourceTree = "<group>"; };
		2437F56A247C2CCF00ADE90A /* SubredditsManage.swift */ = {isa = PBXFileReference; lastKnownFileType = sourcecode.swift; path = SubredditsManage.swift; sourceTree = "<group>"; };
		243A139F247C9B7100510C0F /* RedditIdentifiable.swift */ = {isa = PBXFileReference; lastKnownFileType = sourcecode.swift; path = RedditIdentifiable.swift; sourceTree = "<group>"; };
		243AB1E62482CEDC00AC5504 /* Crypto.swift */ = {isa = PBXFileReference; lastKnownFileType = sourcecode.swift; path = Crypto.swift; sourceTree = "<group>"; };
		243AB1E92482D02600AC5504 /* RedditComment.swift */ = {isa = PBXFileReference; lastKnownFileType = sourcecode.swift; path = RedditComment.swift; sourceTree = "<group>"; };
		243AB1EB2482D05C00AC5504 /* RedditPost.swift */ = {isa = PBXFileReference; lastKnownFileType = sourcecode.swift; path = RedditPost.swift; sourceTree = "<group>"; };
		243AB1ED2482D0AA00AC5504 /* RedditSubreddit.swift */ = {isa = PBXFileReference; lastKnownFileType = sourcecode.swift; path = RedditSubreddit.swift; sourceTree = "<group>"; };
		243C006A2478D209007CAD9F /* SubredditViewModels.swift */ = {isa = PBXFileReference; lastKnownFileType = sourcecode.swift; path = SubredditViewModels.swift; sourceTree = "<group>"; };
		243C006C2478D250007CAD9F /* LocalView.swift */ = {isa = PBXFileReference; lastKnownFileType = sourcecode.swift; path = LocalView.swift; sourceTree = "<group>"; };
		243C006E2478D27F007CAD9F /* RedditViewModel.swift */ = {isa = PBXFileReference; lastKnownFileType = sourcecode.swift; path = RedditViewModel.swift; sourceTree = "<group>"; };
		243C00702478D827007CAD9F /* UserPost.swift */ = {isa = PBXFileReference; lastKnownFileType = sourcecode.swift; path = UserPost.swift; sourceTree = "<group>"; };
		24416819248409F100401FD3 /* BlurView.swift */ = {isa = PBXFileReference; lastKnownFileType = sourcecode.swift; path = BlurView.swift; sourceTree = "<group>"; };
		2442248C247AF51800C20D9E /* SubredditPostBody.swift */ = {isa = PBXFileReference; lastKnownFileType = sourcecode.swift; path = SubredditPostBody.swift; sourceTree = "<group>"; };
		245AB7292483129D00FBD0DC /* SwipeActions.swift */ = {isa = PBXFileReference; lastKnownFileType = sourcecode.swift; path = SwipeActions.swift; sourceTree = "<group>"; };
		247DFD08248406CA00B53B49 /* ImageDownloadView.swift */ = {isa = PBXFileReference; lastKnownFileType = sourcecode.swift; path = ImageDownloadView.swift; sourceTree = "<group>"; };
		247DFD0B2484075F00B53B49 /* RedditView.swift */ = {isa = PBXFileReference; lastKnownFileType = sourcecode.swift; path = RedditView.swift; sourceTree = "<group>"; };
		247DFD0D2484081800B53B49 /* LoadingViews.swift */ = {isa = PBXFileReference; lastKnownFileType = sourcecode.swift; path = LoadingViews.swift; sourceTree = "<group>"; };
		248E2C892484424600CAAAFA /* SectionHeader.swift */ = {isa = PBXFileReference; lastKnownFileType = sourcecode.swift; path = SectionHeader.swift; sourceTree = "<group>"; };
		248E2C8B2484550E00CAAAFA /* PriorityIcon.swift */ = {isa = PBXFileReference; lastKnownFileType = sourcecode.swift; path = PriorityIcon.swift; sourceTree = "<group>"; };
		24A2D14024789887007E4111 /* Extensions.swift */ = {isa = PBXFileReference; lastKnownFileType = sourcecode.swift; path = Extensions.swift; sourceTree = "<group>"; };
		24B35B712434FED00088569E /* BrowseView.swift */ = {isa = PBXFileReference; lastKnownFileType = sourcecode.swift; path = BrowseView.swift; sourceTree = "<group>"; };
		24B3CD9C2433DEBF006BF9DD /* RedditAuth.swift */ = {isa = PBXFileReference; lastKnownFileType = sourcecode.swift; path = RedditAuth.swift; sourceTree = "<group>"; };
		24B7CEBD2474FB8700823BB1 /* Welcome.swift */ = {isa = PBXFileReference; lastKnownFileType = sourcecode.swift; path = Welcome.swift; sourceTree = "<group>"; };
		24B7CEC02474FF8800823BB1 /* Colors.swift */ = {isa = PBXFileReference; lastKnownFileType = sourcecode.swift; path = Colors.swift; sourceTree = "<group>"; };
		24B7CEC52477329100823BB1 /* SubredditPostsViewModel.swift */ = {isa = PBXFileReference; lastKnownFileType = sourcecode.swift; path = SubredditPostsViewModel.swift; sourceTree = "<group>"; };
		24B7CEC72477330800823BB1 /* RedditContainers.swift */ = {isa = PBXFileReference; lastKnownFileType = sourcecode.swift; path = RedditContainers.swift; sourceTree = "<group>"; };
		24B8FFB0243506980029734C /* SearchBar.swift */ = {isa = PBXFileReference; lastKnownFileType = sourcecode.swift; path = SearchBar.swift; sourceTree = "<group>"; };
		24B8FFB324351E740029734C /* RedditClient.swift */ = {isa = PBXFileReference; lastKnownFileType = sourcecode.swift; path = RedditClient.swift; sourceTree = "<group>"; };
		24BA8A3E2479819E00E04579 /* SubredditPostView.swift */ = {isa = PBXFileReference; lastKnownFileType = sourcecode.swift; path = SubredditPostView.swift; sourceTree = "<group>"; };
		24BA8A402479834200E04579 /* CommonViews.swift */ = {isa = PBXFileReference; lastKnownFileType = sourcecode.swift; path = CommonViews.swift; sourceTree = "<group>"; };
		24BA8A4224799F2200E04579 /* UserModel.swift */ = {isa = PBXFileReference; lastKnownFileType = sourcecode.swift; path = UserModel.swift; sourceTree = "<group>"; };
		24C7AC422478F86A00200C0D /* CoreData.xcdatamodel */ = {isa = PBXFileReference; lastKnownFileType = wrapper.xcdatamodel; path = CoreData.xcdatamodel; sourceTree = "<group>"; };
		24D1AA022482C9F900262769 /* Predicates.swift */ = {isa = PBXFileReference; lastKnownFileType = sourcecode.swift; path = Predicates.swift; sourceTree = "<group>"; };
		24D740F82433CE6A00407F8B /* Ressit.app */ = {isa = PBXFileReference; explicitFileType = wrapper.application; includeInIndex = 0; path = Ressit.app; sourceTree = BUILT_PRODUCTS_DIR; };
		24D740FB2433CE6A00407F8B /* AppDelegate.swift */ = {isa = PBXFileReference; lastKnownFileType = sourcecode.swift; path = AppDelegate.swift; sourceTree = "<group>"; };
		24D741002433CE6A00407F8B /* SceneDelegate.swift */ = {isa = PBXFileReference; lastKnownFileType = sourcecode.swift; path = SceneDelegate.swift; sourceTree = "<group>"; };
		24D741042433CE6A00407F8B /* ContentView.swift */ = {isa = PBXFileReference; lastKnownFileType = sourcecode.swift; path = ContentView.swift; sourceTree = "<group>"; };
		24D741062433CE6C00407F8B /* Assets.xcassets */ = {isa = PBXFileReference; lastKnownFileType = folder.assetcatalog; path = Assets.xcassets; sourceTree = "<group>"; };
		24D741092433CE6C00407F8B /* Preview Assets.xcassets */ = {isa = PBXFileReference; lastKnownFileType = folder.assetcatalog; path = "Preview Assets.xcassets"; sourceTree = "<group>"; };
		24D7410C2433CE6C00407F8B /* Base */ = {isa = PBXFileReference; lastKnownFileType = file.storyboard; name = Base; path = Base.lproj/LaunchScreen.storyboard; sourceTree = "<group>"; };
		24D7410E2433CE6C00407F8B /* Info.plist */ = {isa = PBXFileReference; lastKnownFileType = text.plist.xml; path = Info.plist; sourceTree = "<group>"; };
		24D741172433D52300407F8B /* CoreDataModel.swift */ = {isa = PBXFileReference; lastKnownFileType = sourcecode.swift; path = CoreDataModel.swift; sourceTree = "<group>"; };
		24D7411C2433D8D600407F8B /* UserSubreddit.swift */ = {isa = PBXFileReference; lastKnownFileType = sourcecode.swift; path = UserSubreddit.swift; sourceTree = "<group>"; };
		24D7411E2433DAA300407F8B /* SubredditsView.swift */ = {isa = PBXFileReference; lastKnownFileType = sourcecode.swift; path = SubredditsView.swift; sourceTree = "<group>"; };
		24D741202433DAD100407F8B /* SubredditPostsView.swift */ = {isa = PBXFileReference; lastKnownFileType = sourcecode.swift; path = SubredditPostsView.swift; sourceTree = "<group>"; };
		24F04F14247B61EF00817B72 /* SubredditPostListEntry.swift */ = {isa = PBXFileReference; lastKnownFileType = sourcecode.swift; path = SubredditPostListEntry.swift; sourceTree = "<group>"; };
		24F04F1C247B9C8400817B72 /* UserPostMetadata.swift */ = {isa = PBXFileReference; lastKnownFileType = sourcecode.swift; path = UserPostMetadata.swift; sourceTree = "<group>"; };
		24FBF1D7247CE51F00342580 /* ImageDownloadViewModel.swift */ = {isa = PBXFileReference; lastKnownFileType = sourcecode.swift; path = ImageDownloadViewModel.swift; sourceTree = "<group>"; };
/* End PBXFileReference section */

/* Begin PBXFrameworksBuildPhase section */
		24D740F52433CE6A00407F8B /* Frameworks */ = {
			isa = PBXFrameworksBuildPhase;
			buildActionMask = 2147483647;
			files = (
				24047A1D2479046B0015BD80 /* CloudKit.framework in Frameworks */,
			);
			runOnlyForDeploymentPostprocessing = 0;
		};
/* End PBXFrameworksBuildPhase section */

/* Begin PBXGroup section */
		24047A1B2479046B0015BD80 /* Frameworks */ = {
			isa = PBXGroup;
			children = (
				24047A1C2479046B0015BD80 /* CloudKit.framework */,
			);
			name = Frameworks;
			sourceTree = "<group>";
		};
		24124C3924855BE60063F07F /* UIRepresentable */ = {
			isa = PBXGroup;
			children = (
				24416819248409F100401FD3 /* BlurView.swift */,
				24124C3A24855C1A0063F07F /* SafariView.swift */,
				24124C3C24855C430063F07F /* ScrollImageView.swift */,
				24B8FFB0243506980029734C /* SearchBar.swift */,
				24124C3E24855C6E0063F07F /* YoutubeEmbedView.swift */,
			);
			path = UIRepresentable;
			sourceTree = "<group>";
		};
		243AB1E82482D00400AC5504 /* Models */ = {
			isa = PBXGroup;
			children = (
				24B7CEC72477330800823BB1 /* RedditContainers.swift */,
				243AB1ED2482D0AA00AC5504 /* RedditSubreddit.swift */,
				243AB1EB2482D05C00AC5504 /* RedditPost.swift */,
				243AB1E92482D02600AC5504 /* RedditComment.swift */,
			);
			path = Models;
			sourceTree = "<group>";
		};
		243AB1EF2482D0DB00AC5504 /* Models */ = {
			isa = PBXGroup;
			children = (
				24D7411C2433D8D600407F8B /* UserSubreddit.swift */,
				243C00702478D827007CAD9F /* UserPost.swift */,
				24F04F1C247B9C8400817B72 /* UserPostMetadata.swift */,
			);
			path = Models;
			sourceTree = "<group>";
		};
		243C00692478D201007CAD9F /* View Models */ = {
			isa = PBXGroup;
			children = (
				24BA8A4224799F2200E04579 /* UserModel.swift */,
				243C006A2478D209007CAD9F /* SubredditViewModels.swift */,
				24B7CEC52477329100823BB1 /* SubredditPostsViewModel.swift */,
				243A139F247C9B7100510C0F /* RedditIdentifiable.swift */,
				247DFD0A2484073D00B53B49 /* RedditView */,
				247DFD07248406BE00B53B49 /* ImageDownload */,
			);
			path = "View Models";
			sourceTree = "<group>";
		};
		2441681B24840B6B00401FD3 /* Pages */ = {
			isa = PBXGroup;
			children = (
				24B7CEBC2474FB7D00823BB1 /* Welcome */,
				24D7411B2433D85A00407F8B /* Home */,
			);
			path = Pages;
			sourceTree = "<group>";
		};
		2441681C24840B9900401FD3 /* Modifiers */ = {
			isa = PBXGroup;
			children = (
				245AB7292483129D00FBD0DC /* SwipeActions.swift */,
				2401CE36248456D9002FD434 /* CommonModifiers.swift */,
			);
			path = Modifiers;
			sourceTree = "<group>";
		};
		247DFD07248406BE00B53B49 /* ImageDownload */ = {
			isa = PBXGroup;
			children = (
				247DFD08248406CA00B53B49 /* ImageDownloadView.swift */,
				24FBF1D7247CE51F00342580 /* ImageDownloadViewModel.swift */,
			);
			path = ImageDownload;
			sourceTree = "<group>";
		};
		247DFD0A2484073D00B53B49 /* RedditView */ = {
			isa = PBXGroup;
			children = (
				243C006E2478D27F007CAD9F /* RedditViewModel.swift */,
				247DFD0B2484075F00B53B49 /* RedditView.swift */,
				243C006C2478D250007CAD9F /* LocalView.swift */,
			);
			path = RedditView;
			sourceTree = "<group>";
		};
		24B3CD9A2433DD96006BF9DD /* CoreData */ = {
			isa = PBXGroup;
			children = (
				24D741172433D52300407F8B /* CoreDataModel.swift */,
				24C7AC412478F86A00200C0D /* CoreData.xcdatamodeld */,
				243AB1EF2482D0DB00AC5504 /* Models */,
			);
			path = CoreData;
			sourceTree = "<group>";
		};
		24B3CD9B2433DDD9006BF9DD /* Components */ = {
			isa = PBXGroup;
			children = (
				24BA8A402479834200E04579 /* CommonViews.swift */,
				24124C4024855EEF0063F07F /* RelativeTime.swift */,
				248E2C8B2484550E00CAAAFA /* PriorityIcon.swift */,
				24341BE6247D938E00D53AF8 /* VideoViewer.swift */,
				247DFD0D2484081800B53B49 /* LoadingViews.swift */,
				248E2C892484424600CAAAFA /* SectionHeader.swift */,
			);
			path = Components;
			sourceTree = "<group>";
		};
		24B3CD9E2433DFCA006BF9DD /* Network */ = {
			isa = PBXGroup;
			children = (
				24B3CD9C2433DEBF006BF9DD /* RedditAuth.swift */,
				24B8FFB324351E740029734C /* RedditClient.swift */,
				2425E826247B065000977CC3 /* RedditResponsable.swift */,
				243AB1E82482D00400AC5504 /* Models */,
			);
			path = Network;
			sourceTree = "<group>";
		};
		24B7CEBC2474FB7D00823BB1 /* Welcome */ = {
			isa = PBXGroup;
			children = (
				24B7CEBD2474FB8700823BB1 /* Welcome.swift */,
			);
			path = Welcome;
			sourceTree = "<group>";
		};
		24B7CEBF2474FF8000823BB1 /* Assets */ = {
			isa = PBXGroup;
			children = (
				24B7CEC02474FF8800823BB1 /* Colors.swift */,
				24D741082433CE6C00407F8B /* Preview Content */,
			);
			path = Assets;
			sourceTree = "<group>";
		};
		24D1AA012482C9EC00262769 /* Extensions */ = {
			isa = PBXGroup;
			children = (
				24A2D14024789887007E4111 /* Extensions.swift */,
				243AB1E62482CEDC00AC5504 /* Crypto.swift */,
				24D1AA022482C9F900262769 /* Predicates.swift */,
			);
			path = Extensions;
			sourceTree = "<group>";
		};
		24D740EF2433CE6A00407F8B = {
			isa = PBXGroup;
			children = (
				2429DD3C247E3C27001182DC /* README.md */,
				24D741162433D3F900407F8B /* Shared */,
				24D740FA2433CE6A00407F8B /* iOS */,
				24D740F92433CE6A00407F8B /* Products */,
				24047A1B2479046B0015BD80 /* Frameworks */,
			);
			sourceTree = "<group>";
		};
		24D740F92433CE6A00407F8B /* Products */ = {
			isa = PBXGroup;
			children = (
				24D740F82433CE6A00407F8B /* Ressit.app */,
			);
			name = Products;
			sourceTree = "<group>";
		};
		24D740FA2433CE6A00407F8B /* iOS */ = {
			isa = PBXGroup;
			children = (
				24124C3924855BE60063F07F /* UIRepresentable */,
				24D740FB2433CE6A00407F8B /* AppDelegate.swift */,
				24D741002433CE6A00407F8B /* SceneDelegate.swift */,
				24D741042433CE6A00407F8B /* ContentView.swift */,
				24D741062433CE6C00407F8B /* Assets.xcassets */,
				24D7410B2433CE6C00407F8B /* LaunchScreen.storyboard */,
				24047A1A247904680015BD80 /* Ressit.entitlements */,
				24D7410E2433CE6C00407F8B /* Info.plist */,
			);
			path = iOS;
			sourceTree = "<group>";
		};
		24D741082433CE6C00407F8B /* Preview Content */ = {
			isa = PBXGroup;
			children = (
				24D741092433CE6C00407F8B /* Preview Assets.xcassets */,
			);
			path = "Preview Content";
			sourceTree = "<group>";
		};
		24D741142433D3EA00407F8B /* Data Models */ = {
			isa = PBXGroup;
			children = (
				24B3CD9E2433DFCA006BF9DD /* Network */,
				24B3CD9A2433DD96006BF9DD /* CoreData */,
			);
			path = "Data Models";
			sourceTree = "<group>";
		};
		24D741152433D3F100407F8B /* Views */ = {
			isa = PBXGroup;
			children = (
				24B3CD9B2433DDD9006BF9DD /* Components */,
				2441681C24840B9900401FD3 /* Modifiers */,
				2441681B24840B6B00401FD3 /* Pages */,
			);
			path = Views;
			sourceTree = "<group>";
		};
		24D741162433D3F900407F8B /* Shared */ = {
			isa = PBXGroup;
			children = (
				24D1AA012482C9EC00262769 /* Extensions */,
				24D741142433D3EA00407F8B /* Data Models */,
				243C00692478D201007CAD9F /* View Models */,
				24D741152433D3F100407F8B /* Views */,
				24B7CEBF2474FF8000823BB1 /* Assets */,
			);
			path = Shared;
			sourceTree = "<group>";
		};
		24D7411B2433D85A00407F8B /* Home */ = {
			isa = PBXGroup;
			children = (
				24B35B712434FED00088569E /* BrowseView.swift */,
				24D7411E2433DAA300407F8B /* SubredditsView.swift */,
				2437F56A247C2CCF00ADE90A /* SubredditsManage.swift */,
				24D741202433DAD100407F8B /* SubredditPostsView.swift */,
				24F04F14247B61EF00817B72 /* SubredditPostListEntry.swift */,
				24BA8A3E2479819E00E04579 /* SubredditPostView.swift */,
				2442248C247AF51800C20D9E /* SubredditPostBody.swift */,
			);
			path = Home;
			sourceTree = "<group>";
		};
/* End PBXGroup section */

/* Begin PBXNativeTarget section */
		24D740F72433CE6A00407F8B /* iOS */ = {
			isa = PBXNativeTarget;
			buildConfigurationList = 24D741112433CE6C00407F8B /* Build configuration list for PBXNativeTarget "iOS" */;
			buildPhases = (
				24D740F42433CE6A00407F8B /* Sources */,
				24D740F52433CE6A00407F8B /* Frameworks */,
				24D740F62433CE6A00407F8B /* Resources */,
			);
			buildRules = (
			);
			dependencies = (
			);
			name = iOS;
			productName = Ressit;
			productReference = 24D740F82433CE6A00407F8B /* Ressit.app */;
			productType = "com.apple.product-type.application";
		};
/* End PBXNativeTarget section */

/* Begin PBXProject section */
		24D740F02433CE6A00407F8B /* Project object */ = {
			isa = PBXProject;
			attributes = {
				LastSwiftUpdateCheck = 1140;
				LastUpgradeCheck = 1140;
				ORGANIZATIONNAME = "Kyle Coburn";
				TargetAttributes = {
					24D740F72433CE6A00407F8B = {
						CreatedOnToolsVersion = 11.4;
					};
				};
			};
			buildConfigurationList = 24D740F32433CE6A00407F8B /* Build configuration list for PBXProject "Ressit" */;
			compatibilityVersion = "Xcode 11.4";
			developmentRegion = en;
			hasScannedForEncodings = 0;
			knownRegions = (
				en,
				Base,
			);
			mainGroup = 24D740EF2433CE6A00407F8B;
			productRefGroup = 24D740F92433CE6A00407F8B /* Products */;
			projectDirPath = "";
			projectRoot = "";
			targets = (
				24D740F72433CE6A00407F8B /* iOS */,
			);
		};
/* End PBXProject section */

/* Begin PBXResourcesBuildPhase section */
		24D740F62433CE6A00407F8B /* Resources */ = {
			isa = PBXResourcesBuildPhase;
			buildActionMask = 2147483647;
			files = (
				24D7410D2433CE6C00407F8B /* LaunchScreen.storyboard in Resources */,
				24D7410A2433CE6C00407F8B /* Preview Assets.xcassets in Resources */,
				2429DD3D247E3C27001182DC /* README.md in Resources */,
				24D741072433CE6C00407F8B /* Assets.xcassets in Resources */,
			);
			runOnlyForDeploymentPostprocessing = 0;
		};
/* End PBXResourcesBuildPhase section */

/* Begin PBXSourcesBuildPhase section */
		24D740F42433CE6A00407F8B /* Sources */ = {
			isa = PBXSourcesBuildPhase;
			buildActionMask = 2147483647;
			files = (
				24D7411D2433D8D600407F8B /* UserSubreddit.swift in Sources */,
				24D741182433D52300407F8B /* CoreDataModel.swift in Sources */,
				248E2C8A2484424600CAAAFA /* SectionHeader.swift in Sources */,
				247DFD0E2484081800B53B49 /* LoadingViews.swift in Sources */,
				24B35B722434FED00088569E /* BrowseView.swift in Sources */,
				24B7CEC82477330800823BB1 /* RedditContainers.swift in Sources */,
				24B7CEC12474FF8800823BB1 /* Colors.swift in Sources */,
				24D7411F2433DAA300407F8B /* SubredditsView.swift in Sources */,
				24B8FFB424351E740029734C /* RedditClient.swift in Sources */,
				248E2C8C2484550E00CAAAFA /* PriorityIcon.swift in Sources */,
				24124C3F24855C6E0063F07F /* YoutubeEmbedView.swift in Sources */,
				24BA8A3F2479819E00E04579 /* SubredditPostView.swift in Sources */,
				245AB72A2483129D00FBD0DC /* SwipeActions.swift in Sources */,
				24F04F15247B61EF00817B72 /* SubredditPostListEntry.swift in Sources */,
				243AB1EC2482D05C00AC5504 /* RedditPost.swift in Sources */,
				24B7CEBE2474FB8700823BB1 /* Welcome.swift in Sources */,
				24B8FFB1243506980029734C /* SearchBar.swift in Sources */,
				24BA8A4324799F2200E04579 /* UserModel.swift in Sources */,
				24D741212433DAD100407F8B /* SubredditPostsView.swift in Sources */,
				2425E827247B065000977CC3 /* RedditResponsable.swift in Sources */,
				24124C3D24855C430063F07F /* ScrollImageView.swift in Sources */,
				243C006D2478D250007CAD9F /* LocalView.swift in Sources */,
				243A13A0247C9B7100510C0F /* RedditIdentifiable.swift in Sources */,
				247DFD0C2484075F00B53B49 /* RedditView.swift in Sources */,
				24F04F1D247B9C8400817B72 /* UserPostMetadata.swift in Sources */,
				24B7CEC62477329100823BB1 /* SubredditPostsViewModel.swift in Sources */,
				243C006F2478D27F007CAD9F /* RedditViewModel.swift in Sources */,
				24D741052433CE6A00407F8B /* ContentView.swift in Sources */,
				2437F56B247C2CCF00ADE90A /* SubredditsManage.swift in Sources */,
				243AB1E72482CEDC00AC5504 /* Crypto.swift in Sources */,
				24341BE7247D938E00D53AF8 /* VideoViewer.swift in Sources */,
				24BA8A412479834200E04579 /* CommonViews.swift in Sources */,
				243C00712478D827007CAD9F /* UserPost.swift in Sources */,
				24D740FC2433CE6A00407F8B /* AppDelegate.swift in Sources */,
				24C7AC432478F86A00200C0D /* CoreData.xcdatamodeld in Sources */,
				243AB1EA2482D02600AC5504 /* RedditComment.swift in Sources */,
				24D1AA032482C9F900262769 /* Predicates.swift in Sources */,
				243C006B2478D209007CAD9F /* SubredditViewModels.swift in Sources */,
				24124C3B24855C1A0063F07F /* SafariView.swift in Sources */,
				24124C4124855EEF0063F07F /* RelativeTime.swift in Sources */,
				24A2D14124789887007E4111 /* Extensions.swift in Sources */,
				24FBF1D8247CE51F00342580 /* ImageDownloadViewModel.swift in Sources */,
				243AB1EE2482D0AA00AC5504 /* RedditSubreddit.swift in Sources */,
				247DFD09248406CA00B53B49 /* ImageDownloadView.swift in Sources */,
				2401CE37248456D9002FD434 /* CommonModifiers.swift in Sources */,
				2441681A248409F100401FD3 /* BlurView.swift in Sources */,
				2442248D247AF51800C20D9E /* SubredditPostBody.swift in Sources */,
				24D741012433CE6A00407F8B /* SceneDelegate.swift in Sources */,
				24B3CD9D2433DEBF006BF9DD /* RedditAuth.swift in Sources */,
			);
			runOnlyForDeploymentPostprocessing = 0;
		};
/* End PBXSourcesBuildPhase section */

/* Begin PBXVariantGroup section */
		24D7410B2433CE6C00407F8B /* LaunchScreen.storyboard */ = {
			isa = PBXVariantGroup;
			children = (
				24D7410C2433CE6C00407F8B /* Base */,
			);
			name = LaunchScreen.storyboard;
			sourceTree = "<group>";
		};
/* End PBXVariantGroup section */

/* Begin XCBuildConfiguration section */
		24D7410F2433CE6C00407F8B /* Debug */ = {
			isa = XCBuildConfiguration;
			buildSettings = {
				ALWAYS_SEARCH_USER_PATHS = NO;
				CLANG_ANALYZER_NONNULL = YES;
				CLANG_ANALYZER_NUMBER_OBJECT_CONVERSION = YES_AGGRESSIVE;
				CLANG_CXX_LANGUAGE_STANDARD = "gnu++14";
				CLANG_CXX_LIBRARY = "libc++";
				CLANG_ENABLE_MODULES = YES;
				CLANG_ENABLE_OBJC_ARC = YES;
				CLANG_ENABLE_OBJC_WEAK = YES;
				CLANG_WARN_BLOCK_CAPTURE_AUTORELEASING = YES;
				CLANG_WARN_BOOL_CONVERSION = YES;
				CLANG_WARN_COMMA = YES;
				CLANG_WARN_CONSTANT_CONVERSION = YES;
				CLANG_WARN_DEPRECATED_OBJC_IMPLEMENTATIONS = YES;
				CLANG_WARN_DIRECT_OBJC_ISA_USAGE = YES_ERROR;
				CLANG_WARN_DOCUMENTATION_COMMENTS = YES;
				CLANG_WARN_EMPTY_BODY = YES;
				CLANG_WARN_ENUM_CONVERSION = YES;
				CLANG_WARN_INFINITE_RECURSION = YES;
				CLANG_WARN_INT_CONVERSION = YES;
				CLANG_WARN_NON_LITERAL_NULL_CONVERSION = YES;
				CLANG_WARN_OBJC_IMPLICIT_RETAIN_SELF = YES;
				CLANG_WARN_OBJC_LITERAL_CONVERSION = YES;
				CLANG_WARN_OBJC_ROOT_CLASS = YES_ERROR;
				CLANG_WARN_RANGE_LOOP_ANALYSIS = YES;
				CLANG_WARN_STRICT_PROTOTYPES = YES;
				CLANG_WARN_SUSPICIOUS_MOVE = YES;
				CLANG_WARN_UNGUARDED_AVAILABILITY = YES_AGGRESSIVE;
				CLANG_WARN_UNREACHABLE_CODE = YES;
				CLANG_WARN__DUPLICATE_METHOD_MATCH = YES;
				COPY_PHASE_STRIP = NO;
				DEBUG_INFORMATION_FORMAT = dwarf;
				ENABLE_STRICT_OBJC_MSGSEND = YES;
				ENABLE_TESTABILITY = YES;
				GCC_C_LANGUAGE_STANDARD = gnu11;
				GCC_DYNAMIC_NO_PIC = NO;
				GCC_NO_COMMON_BLOCKS = YES;
				GCC_OPTIMIZATION_LEVEL = 0;
				GCC_PREPROCESSOR_DEFINITIONS = (
					"DEBUG=1",
					"$(inherited)",
				);
				GCC_WARN_64_TO_32_BIT_CONVERSION = YES;
				GCC_WARN_ABOUT_RETURN_TYPE = YES_ERROR;
				GCC_WARN_UNDECLARED_SELECTOR = YES;
				GCC_WARN_UNINITIALIZED_AUTOS = YES_AGGRESSIVE;
				GCC_WARN_UNUSED_FUNCTION = YES;
				GCC_WARN_UNUSED_VARIABLE = YES;
				IPHONEOS_DEPLOYMENT_TARGET = 13.4;
				MTL_ENABLE_DEBUG_INFO = INCLUDE_SOURCE;
				MTL_FAST_MATH = YES;
				ONLY_ACTIVE_ARCH = YES;
				PRODUCT_NAME = "$(PROJECT_NAME)";
				SDKROOT = iphoneos;
				SWIFT_ACTIVE_COMPILATION_CONDITIONS = DEBUG;
				SWIFT_OPTIMIZATION_LEVEL = "-Onone";
			};
			name = Debug;
		};
		24D741102433CE6C00407F8B /* Release */ = {
			isa = XCBuildConfiguration;
			buildSettings = {
				ALWAYS_SEARCH_USER_PATHS = NO;
				CLANG_ANALYZER_NONNULL = YES;
				CLANG_ANALYZER_NUMBER_OBJECT_CONVERSION = YES_AGGRESSIVE;
				CLANG_CXX_LANGUAGE_STANDARD = "gnu++14";
				CLANG_CXX_LIBRARY = "libc++";
				CLANG_ENABLE_MODULES = YES;
				CLANG_ENABLE_OBJC_ARC = YES;
				CLANG_ENABLE_OBJC_WEAK = YES;
				CLANG_WARN_BLOCK_CAPTURE_AUTORELEASING = YES;
				CLANG_WARN_BOOL_CONVERSION = YES;
				CLANG_WARN_COMMA = YES;
				CLANG_WARN_CONSTANT_CONVERSION = YES;
				CLANG_WARN_DEPRECATED_OBJC_IMPLEMENTATIONS = YES;
				CLANG_WARN_DIRECT_OBJC_ISA_USAGE = YES_ERROR;
				CLANG_WARN_DOCUMENTATION_COMMENTS = YES;
				CLANG_WARN_EMPTY_BODY = YES;
				CLANG_WARN_ENUM_CONVERSION = YES;
				CLANG_WARN_INFINITE_RECURSION = YES;
				CLANG_WARN_INT_CONVERSION = YES;
				CLANG_WARN_NON_LITERAL_NULL_CONVERSION = YES;
				CLANG_WARN_OBJC_IMPLICIT_RETAIN_SELF = YES;
				CLANG_WARN_OBJC_LITERAL_CONVERSION = YES;
				CLANG_WARN_OBJC_ROOT_CLASS = YES_ERROR;
				CLANG_WARN_RANGE_LOOP_ANALYSIS = YES;
				CLANG_WARN_STRICT_PROTOTYPES = YES;
				CLANG_WARN_SUSPICIOUS_MOVE = YES;
				CLANG_WARN_UNGUARDED_AVAILABILITY = YES_AGGRESSIVE;
				CLANG_WARN_UNREACHABLE_CODE = YES;
				CLANG_WARN__DUPLICATE_METHOD_MATCH = YES;
				COPY_PHASE_STRIP = NO;
				DEBUG_INFORMATION_FORMAT = "dwarf-with-dsym";
				ENABLE_NS_ASSERTIONS = NO;
				ENABLE_STRICT_OBJC_MSGSEND = YES;
				GCC_C_LANGUAGE_STANDARD = gnu11;
				GCC_NO_COMMON_BLOCKS = YES;
				GCC_WARN_64_TO_32_BIT_CONVERSION = YES;
				GCC_WARN_ABOUT_RETURN_TYPE = YES_ERROR;
				GCC_WARN_UNDECLARED_SELECTOR = YES;
				GCC_WARN_UNINITIALIZED_AUTOS = YES_AGGRESSIVE;
				GCC_WARN_UNUSED_FUNCTION = YES;
				GCC_WARN_UNUSED_VARIABLE = YES;
				IPHONEOS_DEPLOYMENT_TARGET = 13.4;
				MTL_ENABLE_DEBUG_INFO = NO;
				MTL_FAST_MATH = YES;
				PRODUCT_NAME = "$(PROJECT_NAME)";
				SDKROOT = iphoneos;
				SWIFT_COMPILATION_MODE = wholemodule;
				SWIFT_OPTIMIZATION_LEVEL = "-O";
				VALIDATE_PRODUCT = YES;
			};
			name = Release;
		};
		24D741122433CE6C00407F8B /* Debug */ = {
			isa = XCBuildConfiguration;
			buildSettings = {
				ASSETCATALOG_COMPILER_APPICON_NAME = AppIcon;
				CODE_SIGN_ENTITLEMENTS = iOS/Ressit.entitlements;
				CODE_SIGN_STYLE = Automatic;
				CURRENT_PROJECT_VERSION = 4;
				DEVELOPMENT_ASSET_PATHS = "\"Shared/Assets/Preview Content\"";
				ENABLE_PREVIEWS = YES;
				INFOPLIST_FILE = iOS/Info.plist;
				LD_RUNPATH_SEARCH_PATHS = (
					"$(inherited)",
					"@executable_path/Frameworks",
				);
				PRODUCT_BUNDLE_IDENTIFIER = is.ky.ressit;
				SWIFT_VERSION = 5.0;
				TARGETED_DEVICE_FAMILY = "1,2";
			};
			name = Debug;
		};
		24D741132433CE6C00407F8B /* Release */ = {
			isa = XCBuildConfiguration;
			buildSettings = {
				ASSETCATALOG_COMPILER_APPICON_NAME = AppIcon;
				CODE_SIGN_ENTITLEMENTS = iOS/Ressit.entitlements;
				CODE_SIGN_STYLE = Automatic;
				CURRENT_PROJECT_VERSION = 4;
				DEVELOPMENT_ASSET_PATHS = "\"Shared/Assets/Preview Content\"";
				ENABLE_PREVIEWS = YES;
				INFOPLIST_FILE = iOS/Info.plist;
				LD_RUNPATH_SEARCH_PATHS = (
					"$(inherited)",
					"@executable_path/Frameworks",
				);
				PRODUCT_BUNDLE_IDENTIFIER = is.ky.ressit;
				SWIFT_VERSION = 5.0;
				TARGETED_DEVICE_FAMILY = "1,2";
			};
			name = Release;
		};
/* End XCBuildConfiguration section */

/* Begin XCConfigurationList section */
		24D740F32433CE6A00407F8B /* Build configuration list for PBXProject "Ressit" */ = {
			isa = XCConfigurationList;
			buildConfigurations = (
				24D7410F2433CE6C00407F8B /* Debug */,
				24D741102433CE6C00407F8B /* Release */,
			);
			defaultConfigurationIsVisible = 0;
			defaultConfigurationName = Release;
		};
		24D741112433CE6C00407F8B /* Build configuration list for PBXNativeTarget "iOS" */ = {
			isa = XCConfigurationList;
			buildConfigurations = (
				24D741122433CE6C00407F8B /* Debug */,
				24D741132433CE6C00407F8B /* Release */,
			);
			defaultConfigurationIsVisible = 0;
			defaultConfigurationName = Release;
		};
/* End XCConfigurationList section */

/* Begin XCVersionGroup section */
		24C7AC412478F86A00200C0D /* CoreData.xcdatamodeld */ = {
			isa = XCVersionGroup;
			children = (
				24C7AC422478F86A00200C0D /* CoreData.xcdatamodel */,
			);
			currentVersion = 24C7AC422478F86A00200C0D /* CoreData.xcdatamodel */;
			path = CoreData.xcdatamodeld;
			sourceTree = "<group>";
			versionGroupType = wrapper.xcdatamodel;
		};
/* End XCVersionGroup section */
	};
	rootObject = 24D740F02433CE6A00407F8B /* Project object */;
}
