// !$*UTF8*$!
{
	archiveVersion = 1;
	classes = {
	};
	objectVersion = 54;
	objects = {

/* Begin PBXBuildFile section */
		2450EB1924A2F98800654B95 /* Extensions.swift in Sources */ = {isa = PBXBuildFile; fileRef = 2450EADB24A2F98700654B95 /* Extensions.swift */; };
		2450EB1A24A2F98800654B95 /* Extensions.swift in Sources */ = {isa = PBXBuildFile; fileRef = 2450EADB24A2F98700654B95 /* Extensions.swift */; };
		2450EB1B24A2F98800654B95 /* Crypto.swift in Sources */ = {isa = PBXBuildFile; fileRef = 2450EADC24A2F98700654B95 /* Crypto.swift */; };
		2450EB1C24A2F98800654B95 /* Crypto.swift in Sources */ = {isa = PBXBuildFile; fileRef = 2450EADC24A2F98700654B95 /* Crypto.swift */; };
		2450EB1D24A2F98800654B95 /* Formatting.swift in Sources */ = {isa = PBXBuildFile; fileRef = 2450EADD24A2F98700654B95 /* Formatting.swift */; };
		2450EB1E24A2F98800654B95 /* Formatting.swift in Sources */ = {isa = PBXBuildFile; fileRef = 2450EADD24A2F98700654B95 /* Formatting.swift */; };
		2450EB1F24A2F98800654B95 /* Predicates.swift in Sources */ = {isa = PBXBuildFile; fileRef = 2450EADE24A2F98700654B95 /* Predicates.swift */; };
		2450EB2024A2F98800654B95 /* Predicates.swift in Sources */ = {isa = PBXBuildFile; fileRef = 2450EADE24A2F98700654B95 /* Predicates.swift */; };
		2450EB2124A2F98800654B95 /* UserPost.swift in Sources */ = {isa = PBXBuildFile; fileRef = 2450EAE224A2F98700654B95 /* UserPost.swift */; };
		2450EB2224A2F98800654B95 /* UserPost.swift in Sources */ = {isa = PBXBuildFile; fileRef = 2450EAE224A2F98700654B95 /* UserPost.swift */; };
		2450EB2324A2F98800654B95 /* UserSubreddit.swift in Sources */ = {isa = PBXBuildFile; fileRef = 2450EAE324A2F98700654B95 /* UserSubreddit.swift */; };
		2450EB2424A2F98800654B95 /* UserSubreddit.swift in Sources */ = {isa = PBXBuildFile; fileRef = 2450EAE324A2F98700654B95 /* UserSubreddit.swift */; };
		2450EB2524A2F98800654B95 /* UserPostMetadata.swift in Sources */ = {isa = PBXBuildFile; fileRef = 2450EAE424A2F98700654B95 /* UserPostMetadata.swift */; };
		2450EB2624A2F98800654B95 /* UserPostMetadata.swift in Sources */ = {isa = PBXBuildFile; fileRef = 2450EAE424A2F98700654B95 /* UserPostMetadata.swift */; };
		2450EB2724A2F98800654B95 /* CoreDataModel.swift in Sources */ = {isa = PBXBuildFile; fileRef = 2450EAE524A2F98700654B95 /* CoreDataModel.swift */; };
		2450EB2824A2F98800654B95 /* CoreDataModel.swift in Sources */ = {isa = PBXBuildFile; fileRef = 2450EAE524A2F98700654B95 /* CoreDataModel.swift */; };
		2450EB2924A2F98800654B95 /* CoreData.xcdatamodeld in Sources */ = {isa = PBXBuildFile; fileRef = 2450EAE624A2F98700654B95 /* CoreData.xcdatamodeld */; };
		2450EB2A24A2F98800654B95 /* CoreData.xcdatamodeld in Sources */ = {isa = PBXBuildFile; fileRef = 2450EAE624A2F98700654B95 /* CoreData.xcdatamodeld */; };
		2450EB2B24A2F98800654B95 /* RedditClient.swift in Sources */ = {isa = PBXBuildFile; fileRef = 2450EAE924A2F98700654B95 /* RedditClient.swift */; };
		2450EB2C24A2F98800654B95 /* RedditClient.swift in Sources */ = {isa = PBXBuildFile; fileRef = 2450EAE924A2F98700654B95 /* RedditClient.swift */; };
		2450EB2D24A2F98800654B95 /* RedditResponsable.swift in Sources */ = {isa = PBXBuildFile; fileRef = 2450EAEA24A2F98700654B95 /* RedditResponsable.swift */; };
		2450EB2E24A2F98800654B95 /* RedditResponsable.swift in Sources */ = {isa = PBXBuildFile; fileRef = 2450EAEA24A2F98700654B95 /* RedditResponsable.swift */; };
		2450EB2F24A2F98800654B95 /* RedditAuth.swift in Sources */ = {isa = PBXBuildFile; fileRef = 2450EAEB24A2F98700654B95 /* RedditAuth.swift */; };
		2450EB3024A2F98800654B95 /* RedditAuth.swift in Sources */ = {isa = PBXBuildFile; fileRef = 2450EAEB24A2F98700654B95 /* RedditAuth.swift */; };
		2450EB3124A2F98800654B95 /* RedditComment.swift in Sources */ = {isa = PBXBuildFile; fileRef = 2450EAED24A2F98700654B95 /* RedditComment.swift */; };
		2450EB3224A2F98800654B95 /* RedditComment.swift in Sources */ = {isa = PBXBuildFile; fileRef = 2450EAED24A2F98700654B95 /* RedditComment.swift */; };
		2450EB3324A2F98800654B95 /* RedditContainers.swift in Sources */ = {isa = PBXBuildFile; fileRef = 2450EAEE24A2F98700654B95 /* RedditContainers.swift */; };
		2450EB3424A2F98800654B95 /* RedditContainers.swift in Sources */ = {isa = PBXBuildFile; fileRef = 2450EAEE24A2F98700654B95 /* RedditContainers.swift */; };
		2450EB3524A2F98800654B95 /* RedditPost.swift in Sources */ = {isa = PBXBuildFile; fileRef = 2450EAEF24A2F98700654B95 /* RedditPost.swift */; };
		2450EB3624A2F98800654B95 /* RedditPost.swift in Sources */ = {isa = PBXBuildFile; fileRef = 2450EAEF24A2F98700654B95 /* RedditPost.swift */; };
		2450EB3724A2F98800654B95 /* RedditSubreddit.swift in Sources */ = {isa = PBXBuildFile; fileRef = 2450EAF024A2F98700654B95 /* RedditSubreddit.swift */; };
		2450EB3824A2F98800654B95 /* RedditSubreddit.swift in Sources */ = {isa = PBXBuildFile; fileRef = 2450EAF024A2F98700654B95 /* RedditSubreddit.swift */; };
		2450EB3924A2F98800654B95 /* RedditIdentifiable.swift in Sources */ = {isa = PBXBuildFile; fileRef = 2450EAF224A2F98800654B95 /* RedditIdentifiable.swift */; };
		2450EB3A24A2F98800654B95 /* RedditIdentifiable.swift in Sources */ = {isa = PBXBuildFile; fileRef = 2450EAF224A2F98800654B95 /* RedditIdentifiable.swift */; };
		2450EB3B24A2F98800654B95 /* RedditView.swift in Sources */ = {isa = PBXBuildFile; fileRef = 2450EAF424A2F98800654B95 /* RedditView.swift */; };
		2450EB3C24A2F98800654B95 /* RedditView.swift in Sources */ = {isa = PBXBuildFile; fileRef = 2450EAF424A2F98800654B95 /* RedditView.swift */; };
		2450EB3D24A2F98800654B95 /* RedditViewModel.swift in Sources */ = {isa = PBXBuildFile; fileRef = 2450EAF524A2F98800654B95 /* RedditViewModel.swift */; };
		2450EB3E24A2F98800654B95 /* RedditViewModel.swift in Sources */ = {isa = PBXBuildFile; fileRef = 2450EAF524A2F98800654B95 /* RedditViewModel.swift */; };
		2450EB3F24A2F98800654B95 /* LocalView.swift in Sources */ = {isa = PBXBuildFile; fileRef = 2450EAF624A2F98800654B95 /* LocalView.swift */; };
		2450EB4024A2F98800654B95 /* LocalView.swift in Sources */ = {isa = PBXBuildFile; fileRef = 2450EAF624A2F98800654B95 /* LocalView.swift */; };
		2450EB4124A2F98800654B95 /* ImageDownloadViewModel.swift in Sources */ = {isa = PBXBuildFile; fileRef = 2450EAF824A2F98800654B95 /* ImageDownloadViewModel.swift */; };
		2450EB4224A2F98800654B95 /* ImageDownloadViewModel.swift in Sources */ = {isa = PBXBuildFile; fileRef = 2450EAF824A2F98800654B95 /* ImageDownloadViewModel.swift */; };
		2450EB4324A2F98800654B95 /* ImageDownloadView.swift in Sources */ = {isa = PBXBuildFile; fileRef = 2450EAF924A2F98800654B95 /* ImageDownloadView.swift */; };
		2450EB4424A2F98800654B95 /* ImageDownloadView.swift in Sources */ = {isa = PBXBuildFile; fileRef = 2450EAF924A2F98800654B95 /* ImageDownloadView.swift */; };
		2450EB4524A2F98800654B95 /* SubredditPostsViewModel.swift in Sources */ = {isa = PBXBuildFile; fileRef = 2450EAFA24A2F98800654B95 /* SubredditPostsViewModel.swift */; };
		2450EB4624A2F98800654B95 /* SubredditPostsViewModel.swift in Sources */ = {isa = PBXBuildFile; fileRef = 2450EAFA24A2F98800654B95 /* SubredditPostsViewModel.swift */; };
		2450EB4724A2F98800654B95 /* UserModel.swift in Sources */ = {isa = PBXBuildFile; fileRef = 2450EAFB24A2F98800654B95 /* UserModel.swift */; };
		2450EB4824A2F98800654B95 /* UserModel.swift in Sources */ = {isa = PBXBuildFile; fileRef = 2450EAFB24A2F98800654B95 /* UserModel.swift */; };
		2450EB4924A2F98800654B95 /* SubredditViewModels.swift in Sources */ = {isa = PBXBuildFile; fileRef = 2450EAFC24A2F98800654B95 /* SubredditViewModels.swift */; };
		2450EB4A24A2F98800654B95 /* SubredditViewModels.swift in Sources */ = {isa = PBXBuildFile; fileRef = 2450EAFC24A2F98800654B95 /* SubredditViewModels.swift */; };
		2450EB4B24A2F98800654B95 /* Colors.swift in Sources */ = {isa = PBXBuildFile; fileRef = 2450EAFE24A2F98800654B95 /* Colors.swift */; };
		2450EB4C24A2F98800654B95 /* Colors.swift in Sources */ = {isa = PBXBuildFile; fileRef = 2450EAFE24A2F98800654B95 /* Colors.swift */; };
		2450EB4D24A2F98800654B95 /* Preview Assets.xcassets in Resources */ = {isa = PBXBuildFile; fileRef = 2450EB0024A2F98800654B95 /* Preview Assets.xcassets */; };
		2450EB4E24A2F98800654B95 /* Preview Assets.xcassets in Resources */ = {isa = PBXBuildFile; fileRef = 2450EB0024A2F98800654B95 /* Preview Assets.xcassets */; };
		2450EB4F24A2F98800654B95 /* BrowseView.swift in Sources */ = {isa = PBXBuildFile; fileRef = 2450EB0424A2F98800654B95 /* BrowseView.swift */; };
		2450EB5024A2F98800654B95 /* BrowseView.swift in Sources */ = {isa = PBXBuildFile; fileRef = 2450EB0424A2F98800654B95 /* BrowseView.swift */; };
		2450EB5124A2F98800654B95 /* SubredditPostsView.swift in Sources */ = {isa = PBXBuildFile; fileRef = 2450EB0724A2F98800654B95 /* SubredditPostsView.swift */; };
		2450EB5224A2F98800654B95 /* SubredditPostsView.swift in Sources */ = {isa = PBXBuildFile; fileRef = 2450EB0724A2F98800654B95 /* SubredditPostsView.swift */; };
		2450EB5324A2F98800654B95 /* SubredditPostListEntry.swift in Sources */ = {isa = PBXBuildFile; fileRef = 2450EB0824A2F98800654B95 /* SubredditPostListEntry.swift */; };
		2450EB5424A2F98800654B95 /* SubredditPostListEntry.swift in Sources */ = {isa = PBXBuildFile; fileRef = 2450EB0824A2F98800654B95 /* SubredditPostListEntry.swift */; };
		2450EB5524A2F98800654B95 /* SubredditPostComments.swift in Sources */ = {isa = PBXBuildFile; fileRef = 2450EB0A24A2F98800654B95 /* SubredditPostComments.swift */; };
		2450EB5624A2F98800654B95 /* SubredditPostComments.swift in Sources */ = {isa = PBXBuildFile; fileRef = 2450EB0A24A2F98800654B95 /* SubredditPostComments.swift */; };
		2450EB5724A2F98800654B95 /* SubredditPostView.swift in Sources */ = {isa = PBXBuildFile; fileRef = 2450EB0B24A2F98800654B95 /* SubredditPostView.swift */; };
		2450EB5824A2F98800654B95 /* SubredditPostView.swift in Sources */ = {isa = PBXBuildFile; fileRef = 2450EB0B24A2F98800654B95 /* SubredditPostView.swift */; };
		2450EB5924A2F98800654B95 /* SubredditsView.swift in Sources */ = {isa = PBXBuildFile; fileRef = 2450EB0C24A2F98800654B95 /* SubredditsView.swift */; };
		2450EB5A24A2F98800654B95 /* SubredditsView.swift in Sources */ = {isa = PBXBuildFile; fileRef = 2450EB0C24A2F98800654B95 /* SubredditsView.swift */; };
		2450EB5B24A2F98800654B95 /* SubredditsManage.swift in Sources */ = {isa = PBXBuildFile; fileRef = 2450EB0D24A2F98800654B95 /* SubredditsManage.swift */; };
		2450EB5C24A2F98800654B95 /* SubredditsManage.swift in Sources */ = {isa = PBXBuildFile; fileRef = 2450EB0D24A2F98800654B95 /* SubredditsManage.swift */; };
		2450EB5D24A2F98800654B95 /* Welcome.swift in Sources */ = {isa = PBXBuildFile; fileRef = 2450EB0F24A2F98800654B95 /* Welcome.swift */; };
		2450EB5E24A2F98800654B95 /* Welcome.swift in Sources */ = {isa = PBXBuildFile; fileRef = 2450EB0F24A2F98800654B95 /* Welcome.swift */; };
		2450EB5F24A2F98800654B95 /* CommonViews.swift in Sources */ = {isa = PBXBuildFile; fileRef = 2450EB1124A2F98800654B95 /* CommonViews.swift */; };
		2450EB6024A2F98800654B95 /* CommonViews.swift in Sources */ = {isa = PBXBuildFile; fileRef = 2450EB1124A2F98800654B95 /* CommonViews.swift */; };
		2450EB6124A2F98800654B95 /* SectionHeader.swift in Sources */ = {isa = PBXBuildFile; fileRef = 2450EB1224A2F98800654B95 /* SectionHeader.swift */; };
		2450EB6224A2F98800654B95 /* SectionHeader.swift in Sources */ = {isa = PBXBuildFile; fileRef = 2450EB1224A2F98800654B95 /* SectionHeader.swift */; };
		2450EB6324A2F98800654B95 /* PriorityIcon.swift in Sources */ = {isa = PBXBuildFile; fileRef = 2450EB1324A2F98800654B95 /* PriorityIcon.swift */; };
		2450EB6424A2F98800654B95 /* PriorityIcon.swift in Sources */ = {isa = PBXBuildFile; fileRef = 2450EB1324A2F98800654B95 /* PriorityIcon.swift */; };
		2450EB6524A2F98800654B95 /* LoadingViews.swift in Sources */ = {isa = PBXBuildFile; fileRef = 2450EB1424A2F98800654B95 /* LoadingViews.swift */; };
		2450EB6624A2F98800654B95 /* LoadingViews.swift in Sources */ = {isa = PBXBuildFile; fileRef = 2450EB1424A2F98800654B95 /* LoadingViews.swift */; };
		2450EB6724A2F98800654B95 /* RelativeTime.swift in Sources */ = {isa = PBXBuildFile; fileRef = 2450EB1524A2F98800654B95 /* RelativeTime.swift */; };
		2450EB6824A2F98800654B95 /* RelativeTime.swift in Sources */ = {isa = PBXBuildFile; fileRef = 2450EB1524A2F98800654B95 /* RelativeTime.swift */; };
		2450EB6924A2F98800654B95 /* SwipeActions.swift in Sources */ = {isa = PBXBuildFile; fileRef = 2450EB1724A2F98800654B95 /* SwipeActions.swift */; };
		2450EB6A24A2F98800654B95 /* SwipeActions.swift in Sources */ = {isa = PBXBuildFile; fileRef = 2450EB1724A2F98800654B95 /* SwipeActions.swift */; };
		2450EB6B24A2F98800654B95 /* CommonModifiers.swift in Sources */ = {isa = PBXBuildFile; fileRef = 2450EB1824A2F98800654B95 /* CommonModifiers.swift */; };
		2450EB6C24A2F98800654B95 /* CommonModifiers.swift in Sources */ = {isa = PBXBuildFile; fileRef = 2450EB1824A2F98800654B95 /* CommonModifiers.swift */; };
		2450EB7624A2F9B600654B95 /* SafariView.swift in Sources */ = {isa = PBXBuildFile; fileRef = 2450EB6E24A2F9B600654B95 /* SafariView.swift */; };
		2450EB7724A2F9B600654B95 /* VideoViewer.swift in Sources */ = {isa = PBXBuildFile; fileRef = 2450EB6F24A2F9B600654B95 /* VideoViewer.swift */; };
		2450EB7824A2F9B600654B95 /* YoutubeEmbedView.swift in Sources */ = {isa = PBXBuildFile; fileRef = 2450EB7024A2F9B600654B95 /* YoutubeEmbedView.swift */; };
		2450EB7924A2F9B600654B95 /* TextAttributed.swift in Sources */ = {isa = PBXBuildFile; fileRef = 2450EB7124A2F9B600654B95 /* TextAttributed.swift */; };
		2450EB7A24A2F9B600654B95 /* SearchBar.swift in Sources */ = {isa = PBXBuildFile; fileRef = 2450EB7224A2F9B600654B95 /* SearchBar.swift */; };
		2450EB7B24A2F9B600654B95 /* ScrollImageView.swift in Sources */ = {isa = PBXBuildFile; fileRef = 2450EB7324A2F9B600654B95 /* ScrollImageView.swift */; };
		2450EB7C24A2F9B600654B95 /* BlurView.swift in Sources */ = {isa = PBXBuildFile; fileRef = 2450EB7424A2F9B600654B95 /* BlurView.swift */; };
		2450EB7D24A2F9B600654B95 /* ShareView.swift in Sources */ = {isa = PBXBuildFile; fileRef = 2450EB7524A2F9B600654B95 /* ShareView.swift */; };
		2450EB8024A2FC3800654B95 /* CloudKit.framework in Frameworks */ = {isa = PBXBuildFile; fileRef = 2450EB7F24A2FC3800654B95 /* CloudKit.framework */; };
		2450EB8324A2FCFE00654B95 /* CloudKit.framework in Frameworks */ = {isa = PBXBuildFile; fileRef = 2450EB8224A2FCFE00654B95 /* CloudKit.framework */; };
		24A941D324BA132800ECB12C /* Types.swift in Sources */ = {isa = PBXBuildFile; fileRef = 24A941D224BA132800ECB12C /* Types.swift */; };
		24A941D424BA132800ECB12C /* Types.swift in Sources */ = {isa = PBXBuildFile; fileRef = 24A941D224BA132800ECB12C /* Types.swift */; };
		24CC8D0124A67D01005A3414 /* Labels.swift in Sources */ = {isa = PBXBuildFile; fileRef = 24CC8D0024A67D01005A3414 /* Labels.swift */; };
		24CC8D0224A67D01005A3414 /* Labels.swift in Sources */ = {isa = PBXBuildFile; fileRef = 24CC8D0024A67D01005A3414 /* Labels.swift */; };
		24FE7D2A24A18CA8007AFE97 /* RessitApp.swift in Sources */ = {isa = PBXBuildFile; fileRef = 24FE7D1724A18CA7007AFE97 /* RessitApp.swift */; };
		24FE7D2B24A18CA8007AFE97 /* RessitApp.swift in Sources */ = {isa = PBXBuildFile; fileRef = 24FE7D1724A18CA7007AFE97 /* RessitApp.swift */; };
		24FE7D2C24A18CA8007AFE97 /* ContentView.swift in Sources */ = {isa = PBXBuildFile; fileRef = 24FE7D1824A18CA7007AFE97 /* ContentView.swift */; };
		24FE7D2D24A18CA8007AFE97 /* ContentView.swift in Sources */ = {isa = PBXBuildFile; fileRef = 24FE7D1824A18CA7007AFE97 /* ContentView.swift */; };
		24FE7D2E24A18CA8007AFE97 /* Assets.xcassets in Resources */ = {isa = PBXBuildFile; fileRef = 24FE7D1924A18CA8007AFE97 /* Assets.xcassets */; };
		24FE7D2F24A18CA8007AFE97 /* Assets.xcassets in Resources */ = {isa = PBXBuildFile; fileRef = 24FE7D1924A18CA8007AFE97 /* Assets.xcassets */; };
/* End PBXBuildFile section */

/* Begin PBXFileReference section */
		2450EADB24A2F98700654B95 /* Extensions.swift */ = {isa = PBXFileReference; fileEncoding = 4; lastKnownFileType = sourcecode.swift; path = Extensions.swift; sourceTree = "<group>"; };
		2450EADC24A2F98700654B95 /* Crypto.swift */ = {isa = PBXFileReference; fileEncoding = 4; lastKnownFileType = sourcecode.swift; path = Crypto.swift; sourceTree = "<group>"; };
		2450EADD24A2F98700654B95 /* Formatting.swift */ = {isa = PBXFileReference; fileEncoding = 4; lastKnownFileType = sourcecode.swift; path = Formatting.swift; sourceTree = "<group>"; };
		2450EADE24A2F98700654B95 /* Predicates.swift */ = {isa = PBXFileReference; fileEncoding = 4; lastKnownFileType = sourcecode.swift; path = Predicates.swift; sourceTree = "<group>"; };
		2450EAE224A2F98700654B95 /* UserPost.swift */ = {isa = PBXFileReference; fileEncoding = 4; lastKnownFileType = sourcecode.swift; path = UserPost.swift; sourceTree = "<group>"; };
		2450EAE324A2F98700654B95 /* UserSubreddit.swift */ = {isa = PBXFileReference; fileEncoding = 4; lastKnownFileType = sourcecode.swift; path = UserSubreddit.swift; sourceTree = "<group>"; };
		2450EAE424A2F98700654B95 /* UserPostMetadata.swift */ = {isa = PBXFileReference; fileEncoding = 4; lastKnownFileType = sourcecode.swift; path = UserPostMetadata.swift; sourceTree = "<group>"; };
		2450EAE524A2F98700654B95 /* CoreDataModel.swift */ = {isa = PBXFileReference; fileEncoding = 4; lastKnownFileType = sourcecode.swift; path = CoreDataModel.swift; sourceTree = "<group>"; };
		2450EAE724A2F98700654B95 /* CoreData.xcdatamodel */ = {isa = PBXFileReference; lastKnownFileType = wrapper.xcdatamodel; path = CoreData.xcdatamodel; sourceTree = "<group>"; };
		2450EAE924A2F98700654B95 /* RedditClient.swift */ = {isa = PBXFileReference; fileEncoding = 4; lastKnownFileType = sourcecode.swift; path = RedditClient.swift; sourceTree = "<group>"; };
		2450EAEA24A2F98700654B95 /* RedditResponsable.swift */ = {isa = PBXFileReference; fileEncoding = 4; lastKnownFileType = sourcecode.swift; path = RedditResponsable.swift; sourceTree = "<group>"; };
		2450EAEB24A2F98700654B95 /* RedditAuth.swift */ = {isa = PBXFileReference; fileEncoding = 4; lastKnownFileType = sourcecode.swift; path = RedditAuth.swift; sourceTree = "<group>"; };
		2450EAED24A2F98700654B95 /* RedditComment.swift */ = {isa = PBXFileReference; fileEncoding = 4; lastKnownFileType = sourcecode.swift; path = RedditComment.swift; sourceTree = "<group>"; };
		2450EAEE24A2F98700654B95 /* RedditContainers.swift */ = {isa = PBXFileReference; fileEncoding = 4; lastKnownFileType = sourcecode.swift; path = RedditContainers.swift; sourceTree = "<group>"; };
		2450EAEF24A2F98700654B95 /* RedditPost.swift */ = {isa = PBXFileReference; fileEncoding = 4; lastKnownFileType = sourcecode.swift; path = RedditPost.swift; sourceTree = "<group>"; };
		2450EAF024A2F98700654B95 /* RedditSubreddit.swift */ = {isa = PBXFileReference; fileEncoding = 4; lastKnownFileType = sourcecode.swift; path = RedditSubreddit.swift; sourceTree = "<group>"; };
		2450EAF224A2F98800654B95 /* RedditIdentifiable.swift */ = {isa = PBXFileReference; fileEncoding = 4; lastKnownFileType = sourcecode.swift; path = RedditIdentifiable.swift; sourceTree = "<group>"; };
		2450EAF424A2F98800654B95 /* RedditView.swift */ = {isa = PBXFileReference; fileEncoding = 4; lastKnownFileType = sourcecode.swift; path = RedditView.swift; sourceTree = "<group>"; };
		2450EAF524A2F98800654B95 /* RedditViewModel.swift */ = {isa = PBXFileReference; fileEncoding = 4; lastKnownFileType = sourcecode.swift; path = RedditViewModel.swift; sourceTree = "<group>"; };
		2450EAF624A2F98800654B95 /* LocalView.swift */ = {isa = PBXFileReference; fileEncoding = 4; lastKnownFileType = sourcecode.swift; path = LocalView.swift; sourceTree = "<group>"; };
		2450EAF824A2F98800654B95 /* ImageDownloadViewModel.swift */ = {isa = PBXFileReference; fileEncoding = 4; lastKnownFileType = sourcecode.swift; path = ImageDownloadViewModel.swift; sourceTree = "<group>"; };
		2450EAF924A2F98800654B95 /* ImageDownloadView.swift */ = {isa = PBXFileReference; fileEncoding = 4; lastKnownFileType = sourcecode.swift; path = ImageDownloadView.swift; sourceTree = "<group>"; };
		2450EAFA24A2F98800654B95 /* SubredditPostsViewModel.swift */ = {isa = PBXFileReference; fileEncoding = 4; lastKnownFileType = sourcecode.swift; path = SubredditPostsViewModel.swift; sourceTree = "<group>"; };
		2450EAFB24A2F98800654B95 /* UserModel.swift */ = {isa = PBXFileReference; fileEncoding = 4; lastKnownFileType = sourcecode.swift; path = UserModel.swift; sourceTree = "<group>"; };
		2450EAFC24A2F98800654B95 /* SubredditViewModels.swift */ = {isa = PBXFileReference; fileEncoding = 4; lastKnownFileType = sourcecode.swift; path = SubredditViewModels.swift; sourceTree = "<group>"; };
		2450EAFE24A2F98800654B95 /* Colors.swift */ = {isa = PBXFileReference; fileEncoding = 4; lastKnownFileType = sourcecode.swift; path = Colors.swift; sourceTree = "<group>"; };
		2450EB0024A2F98800654B95 /* Preview Assets.xcassets */ = {isa = PBXFileReference; lastKnownFileType = folder.assetcatalog; path = "Preview Assets.xcassets"; sourceTree = "<group>"; };
		2450EB0424A2F98800654B95 /* BrowseView.swift */ = {isa = PBXFileReference; fileEncoding = 4; lastKnownFileType = sourcecode.swift; path = BrowseView.swift; sourceTree = "<group>"; };
		2450EB0724A2F98800654B95 /* SubredditPostsView.swift */ = {isa = PBXFileReference; fileEncoding = 4; lastKnownFileType = sourcecode.swift; path = SubredditPostsView.swift; sourceTree = "<group>"; };
		2450EB0824A2F98800654B95 /* SubredditPostListEntry.swift */ = {isa = PBXFileReference; fileEncoding = 4; lastKnownFileType = sourcecode.swift; path = SubredditPostListEntry.swift; sourceTree = "<group>"; };
		2450EB0A24A2F98800654B95 /* SubredditPostComments.swift */ = {isa = PBXFileReference; fileEncoding = 4; lastKnownFileType = sourcecode.swift; path = SubredditPostComments.swift; sourceTree = "<group>"; };
		2450EB0B24A2F98800654B95 /* SubredditPostView.swift */ = {isa = PBXFileReference; fileEncoding = 4; lastKnownFileType = sourcecode.swift; path = SubredditPostView.swift; sourceTree = "<group>"; };
		2450EB0C24A2F98800654B95 /* SubredditsView.swift */ = {isa = PBXFileReference; fileEncoding = 4; lastKnownFileType = sourcecode.swift; path = SubredditsView.swift; sourceTree = "<group>"; };
		2450EB0D24A2F98800654B95 /* SubredditsManage.swift */ = {isa = PBXFileReference; fileEncoding = 4; lastKnownFileType = sourcecode.swift; path = SubredditsManage.swift; sourceTree = "<group>"; };
		2450EB0F24A2F98800654B95 /* Welcome.swift */ = {isa = PBXFileReference; fileEncoding = 4; lastKnownFileType = sourcecode.swift; path = Welcome.swift; sourceTree = "<group>"; };
		2450EB1124A2F98800654B95 /* CommonViews.swift */ = {isa = PBXFileReference; fileEncoding = 4; lastKnownFileType = sourcecode.swift; path = CommonViews.swift; sourceTree = "<group>"; };
		2450EB1224A2F98800654B95 /* SectionHeader.swift */ = {isa = PBXFileReference; fileEncoding = 4; lastKnownFileType = sourcecode.swift; path = SectionHeader.swift; sourceTree = "<group>"; };
		2450EB1324A2F98800654B95 /* PriorityIcon.swift */ = {isa = PBXFileReference; fileEncoding = 4; lastKnownFileType = sourcecode.swift; path = PriorityIcon.swift; sourceTree = "<group>"; };
		2450EB1424A2F98800654B95 /* LoadingViews.swift */ = {isa = PBXFileReference; fileEncoding = 4; lastKnownFileType = sourcecode.swift; path = LoadingViews.swift; sourceTree = "<group>"; };
		2450EB1524A2F98800654B95 /* RelativeTime.swift */ = {isa = PBXFileReference; fileEncoding = 4; lastKnownFileType = sourcecode.swift; path = RelativeTime.swift; sourceTree = "<group>"; };
		2450EB1724A2F98800654B95 /* SwipeActions.swift */ = {isa = PBXFileReference; fileEncoding = 4; lastKnownFileType = sourcecode.swift; path = SwipeActions.swift; sourceTree = "<group>"; };
		2450EB1824A2F98800654B95 /* CommonModifiers.swift */ = {isa = PBXFileReference; fileEncoding = 4; lastKnownFileType = sourcecode.swift; path = CommonModifiers.swift; sourceTree = "<group>"; };
		2450EB6E24A2F9B600654B95 /* SafariView.swift */ = {isa = PBXFileReference; fileEncoding = 4; lastKnownFileType = sourcecode.swift; path = SafariView.swift; sourceTree = "<group>"; };
		2450EB6F24A2F9B600654B95 /* VideoViewer.swift */ = {isa = PBXFileReference; fileEncoding = 4; lastKnownFileType = sourcecode.swift; path = VideoViewer.swift; sourceTree = "<group>"; };
		2450EB7024A2F9B600654B95 /* YoutubeEmbedView.swift */ = {isa = PBXFileReference; fileEncoding = 4; lastKnownFileType = sourcecode.swift; path = YoutubeEmbedView.swift; sourceTree = "<group>"; };
		2450EB7124A2F9B600654B95 /* TextAttributed.swift */ = {isa = PBXFileReference; fileEncoding = 4; lastKnownFileType = sourcecode.swift; path = TextAttributed.swift; sourceTree = "<group>"; };
		2450EB7224A2F9B600654B95 /* SearchBar.swift */ = {isa = PBXFileReference; fileEncoding = 4; lastKnownFileType = sourcecode.swift; path = SearchBar.swift; sourceTree = "<group>"; };
		2450EB7324A2F9B600654B95 /* ScrollImageView.swift */ = {isa = PBXFileReference; fileEncoding = 4; lastKnownFileType = sourcecode.swift; path = ScrollImageView.swift; sourceTree = "<group>"; };
		2450EB7424A2F9B600654B95 /* BlurView.swift */ = {isa = PBXFileReference; fileEncoding = 4; lastKnownFileType = sourcecode.swift; path = BlurView.swift; sourceTree = "<group>"; };
		2450EB7524A2F9B600654B95 /* ShareView.swift */ = {isa = PBXFileReference; fileEncoding = 4; lastKnownFileType = sourcecode.swift; path = ShareView.swift; sourceTree = "<group>"; };
		2450EB7F24A2FC3800654B95 /* CloudKit.framework */ = {isa = PBXFileReference; lastKnownFileType = wrapper.framework; name = CloudKit.framework; path = Platforms/iPhoneOS.platform/Developer/SDKs/iPhoneOS14.0.sdk/System/Library/Frameworks/CloudKit.framework; sourceTree = DEVELOPER_DIR; };
		2450EB8124A2FC4B00654B95 /* Ressit.entitlements */ = {isa = PBXFileReference; lastKnownFileType = text.plist.entitlements; path = Ressit.entitlements; sourceTree = "<group>"; };
		2450EB8224A2FCFE00654B95 /* CloudKit.framework */ = {isa = PBXFileReference; lastKnownFileType = wrapper.framework; name = CloudKit.framework; path = System/Library/Frameworks/CloudKit.framework; sourceTree = SDKROOT; };
		24A941D224BA132800ECB12C /* Types.swift */ = {isa = PBXFileReference; lastKnownFileType = sourcecode.swift; path = Types.swift; sourceTree = "<group>"; };
		24CC8D0024A67D01005A3414 /* Labels.swift */ = {isa = PBXFileReference; lastKnownFileType = sourcecode.swift; path = Labels.swift; sourceTree = "<group>"; };
		24FE7D1724A18CA7007AFE97 /* RessitApp.swift */ = {isa = PBXFileReference; lastKnownFileType = sourcecode.swift; path = RessitApp.swift; sourceTree = "<group>"; };
		24FE7D1824A18CA7007AFE97 /* ContentView.swift */ = {isa = PBXFileReference; lastKnownFileType = sourcecode.swift; path = ContentView.swift; sourceTree = "<group>"; };
		24FE7D1924A18CA8007AFE97 /* Assets.xcassets */ = {isa = PBXFileReference; lastKnownFileType = folder.assetcatalog; path = Assets.xcassets; sourceTree = "<group>"; };
		24FE7D1E24A18CA8007AFE97 /* Ressit.app */ = {isa = PBXFileReference; explicitFileType = wrapper.application; includeInIndex = 0; path = Ressit.app; sourceTree = BUILT_PRODUCTS_DIR; };
		24FE7D2124A18CA8007AFE97 /* Info.plist */ = {isa = PBXFileReference; lastKnownFileType = text.plist.xml; path = Info.plist; sourceTree = "<group>"; };
		24FE7D2624A18CA8007AFE97 /* Ressit.app */ = {isa = PBXFileReference; explicitFileType = wrapper.application; includeInIndex = 0; path = Ressit.app; sourceTree = BUILT_PRODUCTS_DIR; };
		24FE7D2824A18CA8007AFE97 /* Info.plist */ = {isa = PBXFileReference; lastKnownFileType = text.plist.xml; path = Info.plist; sourceTree = "<group>"; };
		24FE7D2924A18CA8007AFE97 /* macOS.entitlements */ = {isa = PBXFileReference; lastKnownFileType = text.plist.entitlements; path = macOS.entitlements; sourceTree = "<group>"; };
/* End PBXFileReference section */

/* Begin PBXFrameworksBuildPhase section */
		24FE7D1B24A18CA8007AFE97 /* Frameworks */ = {
			isa = PBXFrameworksBuildPhase;
			buildActionMask = 2147483647;
			files = (
				2450EB8024A2FC3800654B95 /* CloudKit.framework in Frameworks */,
			);
			runOnlyForDeploymentPostprocessing = 0;
		};
		24FE7D2324A18CA8007AFE97 /* Frameworks */ = {
			isa = PBXFrameworksBuildPhase;
			buildActionMask = 2147483647;
			files = (
				2450EB8324A2FCFE00654B95 /* CloudKit.framework in Frameworks */,
			);
			runOnlyForDeploymentPostprocessing = 0;
		};
/* End PBXFrameworksBuildPhase section */

/* Begin PBXGroup section */
		2450EADA24A2F98700654B95 /* Extensions */ = {
			isa = PBXGroup;
			children = (
				2450EADB24A2F98700654B95 /* Extensions.swift */,
				2450EADC24A2F98700654B95 /* Crypto.swift */,
				2450EADD24A2F98700654B95 /* Formatting.swift */,
				2450EADE24A2F98700654B95 /* Predicates.swift */,
			);
			path = Extensions;
			sourceTree = "<group>";
		};
		2450EADF24A2F98700654B95 /* Data Models */ = {
			isa = PBXGroup;
			children = (
				2450EAE024A2F98700654B95 /* CoreData */,
				2450EAE824A2F98700654B95 /* Network */,
			);
			path = "Data Models";
			sourceTree = "<group>";
		};
		2450EAE024A2F98700654B95 /* CoreData */ = {
			isa = PBXGroup;
			children = (
				2450EAE124A2F98700654B95 /* Models */,
				2450EAE524A2F98700654B95 /* CoreDataModel.swift */,
				2450EAE624A2F98700654B95 /* CoreData.xcdatamodeld */,
			);
			path = CoreData;
			sourceTree = "<group>";
		};
		2450EAE124A2F98700654B95 /* Models */ = {
			isa = PBXGroup;
			children = (
				2450EAE224A2F98700654B95 /* UserPost.swift */,
				2450EAE324A2F98700654B95 /* UserSubreddit.swift */,
				2450EAE424A2F98700654B95 /* UserPostMetadata.swift */,
			);
			path = Models;
			sourceTree = "<group>";
		};
		2450EAE824A2F98700654B95 /* Network */ = {
			isa = PBXGroup;
			children = (
				2450EAE924A2F98700654B95 /* RedditClient.swift */,
				2450EAEA24A2F98700654B95 /* RedditResponsable.swift */,
				2450EAEB24A2F98700654B95 /* RedditAuth.swift */,
				2450EAEC24A2F98700654B95 /* Models */,
			);
			path = Network;
			sourceTree = "<group>";
		};
		2450EAEC24A2F98700654B95 /* Models */ = {
			isa = PBXGroup;
			children = (
				2450EAED24A2F98700654B95 /* RedditComment.swift */,
				2450EAEE24A2F98700654B95 /* RedditContainers.swift */,
				2450EAEF24A2F98700654B95 /* RedditPost.swift */,
				2450EAF024A2F98700654B95 /* RedditSubreddit.swift */,
			);
			path = Models;
			sourceTree = "<group>";
		};
		2450EAF124A2F98800654B95 /* View Models */ = {
			isa = PBXGroup;
			children = (
				2450EAF224A2F98800654B95 /* RedditIdentifiable.swift */,
				2450EAF324A2F98800654B95 /* RedditView */,
				2450EAF724A2F98800654B95 /* ImageDownload */,
				2450EAFA24A2F98800654B95 /* SubredditPostsViewModel.swift */,
				2450EAFB24A2F98800654B95 /* UserModel.swift */,
				2450EAFC24A2F98800654B95 /* SubredditViewModels.swift */,
			);
			path = "View Models";
			sourceTree = "<group>";
		};
		2450EAF324A2F98800654B95 /* RedditView */ = {
			isa = PBXGroup;
			children = (
				2450EAF424A2F98800654B95 /* RedditView.swift */,
				2450EAF524A2F98800654B95 /* RedditViewModel.swift */,
				2450EAF624A2F98800654B95 /* LocalView.swift */,
			);
			path = RedditView;
			sourceTree = "<group>";
		};
		2450EAF724A2F98800654B95 /* ImageDownload */ = {
			isa = PBXGroup;
			children = (
				2450EAF824A2F98800654B95 /* ImageDownloadViewModel.swift */,
				2450EAF924A2F98800654B95 /* ImageDownloadView.swift */,
			);
			path = ImageDownload;
			sourceTree = "<group>";
		};
		2450EAFD24A2F98800654B95 /* Assets */ = {
			isa = PBXGroup;
			children = (
				24FE7D1924A18CA8007AFE97 /* Assets.xcassets */,
				2450EAFE24A2F98800654B95 /* Colors.swift */,
				24A941D224BA132800ECB12C /* Types.swift */,
				2450EAFF24A2F98800654B95 /* Preview Content */,
			);
			path = Assets;
			sourceTree = "<group>";
		};
		2450EAFF24A2F98800654B95 /* Preview Content */ = {
			isa = PBXGroup;
			children = (
				2450EB0024A2F98800654B95 /* Preview Assets.xcassets */,
			);
			path = "Preview Content";
			sourceTree = "<group>";
		};
		2450EB0124A2F98800654B95 /* Views */ = {
			isa = PBXGroup;
			children = (
				2450EB0224A2F98800654B95 /* Pages */,
				2450EB1024A2F98800654B95 /* Components */,
				2450EB1624A2F98800654B95 /* Modifiers */,
			);
			path = Views;
			sourceTree = "<group>";
		};
		2450EB0224A2F98800654B95 /* Pages */ = {
			isa = PBXGroup;
			children = (
				2450EB0324A2F98800654B95 /* Home */,
				2450EB0E24A2F98800654B95 /* Welcome */,
			);
			path = Pages;
			sourceTree = "<group>";
		};
		2450EB0324A2F98800654B95 /* Home */ = {
			isa = PBXGroup;
			children = (
				2450EB0424A2F98800654B95 /* BrowseView.swift */,
				2450EB0524A2F98800654B95 /* Subreddits */,
			);
			path = Home;
			sourceTree = "<group>";
		};
		2450EB0524A2F98800654B95 /* Subreddits */ = {
			isa = PBXGroup;
			children = (
				2450EB0624A2F98800654B95 /* Posts */,
				2450EB0C24A2F98800654B95 /* SubredditsView.swift */,
				2450EB0D24A2F98800654B95 /* SubredditsManage.swift */,
			);
			path = Subreddits;
			sourceTree = "<group>";
		};
		2450EB0624A2F98800654B95 /* Posts */ = {
			isa = PBXGroup;
			children = (
				2450EB0724A2F98800654B95 /* SubredditPostsView.swift */,
				2450EB0824A2F98800654B95 /* SubredditPostListEntry.swift */,
				2450EB0924A2F98800654B95 /* Comments */,
				2450EB0B24A2F98800654B95 /* SubredditPostView.swift */,
			);
			path = Posts;
			sourceTree = "<group>";
		};
		2450EB0924A2F98800654B95 /* Comments */ = {
			isa = PBXGroup;
			children = (
				2450EB0A24A2F98800654B95 /* SubredditPostComments.swift */,
			);
			path = Comments;
			sourceTree = "<group>";
		};
		2450EB0E24A2F98800654B95 /* Welcome */ = {
			isa = PBXGroup;
			children = (
				2450EB0F24A2F98800654B95 /* Welcome.swift */,
			);
			path = Welcome;
			sourceTree = "<group>";
		};
		2450EB1024A2F98800654B95 /* Components */ = {
			isa = PBXGroup;
			children = (
				2450EB1124A2F98800654B95 /* CommonViews.swift */,
				2450EB1224A2F98800654B95 /* SectionHeader.swift */,
				2450EB1324A2F98800654B95 /* PriorityIcon.swift */,
				2450EB1424A2F98800654B95 /* LoadingViews.swift */,
				2450EB1524A2F98800654B95 /* RelativeTime.swift */,
			);
			path = Components;
			sourceTree = "<group>";
		};
		2450EB1624A2F98800654B95 /* Modifiers */ = {
			isa = PBXGroup;
			children = (
				2450EB1724A2F98800654B95 /* SwipeActions.swift */,
				2450EB1824A2F98800654B95 /* CommonModifiers.swift */,
				24CC8D0024A67D01005A3414 /* Labels.swift */,
			);
			path = Modifiers;
			sourceTree = "<group>";
		};
		2450EB6D24A2F9B600654B95 /* UIRepresentable */ = {
			isa = PBXGroup;
			children = (
				2450EB6E24A2F9B600654B95 /* SafariView.swift */,
				2450EB6F24A2F9B600654B95 /* VideoViewer.swift */,
				2450EB7024A2F9B600654B95 /* YoutubeEmbedView.swift */,
				2450EB7124A2F9B600654B95 /* TextAttributed.swift */,
				2450EB7224A2F9B600654B95 /* SearchBar.swift */,
				2450EB7324A2F9B600654B95 /* ScrollImageView.swift */,
				2450EB7424A2F9B600654B95 /* BlurView.swift */,
				2450EB7524A2F9B600654B95 /* ShareView.swift */,
			);
			path = UIRepresentable;
			sourceTree = "<group>";
		};
		2450EB7E24A2FC3700654B95 /* Frameworks */ = {
			isa = PBXGroup;
			children = (
				2450EB8224A2FCFE00654B95 /* CloudKit.framework */,
				2450EB7F24A2FC3800654B95 /* CloudKit.framework */,
			);
			name = Frameworks;
			sourceTree = "<group>";
		};
		24FE7D1124A18CA7007AFE97 = {
			isa = PBXGroup;
			children = (
				24FE7D1624A18CA7007AFE97 /* Shared */,
				24FE7D2024A18CA8007AFE97 /* iOS */,
				24FE7D2724A18CA8007AFE97 /* macOS */,
				24FE7D1F24A18CA8007AFE97 /* Products */,
				2450EB7E24A2FC3700654B95 /* Frameworks */,
			);
			sourceTree = "<group>";
		};
		24FE7D1624A18CA7007AFE97 /* Shared */ = {
			isa = PBXGroup;
			children = (
				24FE7D1724A18CA7007AFE97 /* RessitApp.swift */,
				24FE7D1824A18CA7007AFE97 /* ContentView.swift */,
				2450EAFD24A2F98800654B95 /* Assets */,
				2450EADF24A2F98700654B95 /* Data Models */,
				2450EADA24A2F98700654B95 /* Extensions */,
				2450EAF124A2F98800654B95 /* View Models */,
				2450EB0124A2F98800654B95 /* Views */,
			);
			path = Shared;
			sourceTree = "<group>";
		};
		24FE7D1F24A18CA8007AFE97 /* Products */ = {
			isa = PBXGroup;
			children = (
				24FE7D1E24A18CA8007AFE97 /* Ressit.app */,
				24FE7D2624A18CA8007AFE97 /* Ressit.app */,
			);
			name = Products;
			sourceTree = "<group>";
		};
		24FE7D2024A18CA8007AFE97 /* iOS */ = {
			isa = PBXGroup;
			children = (
				2450EB6D24A2F9B600654B95 /* UIRepresentable */,
				24FE7D2124A18CA8007AFE97 /* Info.plist */,
				2450EB8124A2FC4B00654B95 /* Ressit.entitlements */,
			);
			path = iOS;
			sourceTree = "<group>";
		};
		24FE7D2724A18CA8007AFE97 /* macOS */ = {
			isa = PBXGroup;
			children = (
				24FE7D2824A18CA8007AFE97 /* Info.plist */,
				24FE7D2924A18CA8007AFE97 /* macOS.entitlements */,
			);
			path = macOS;
			sourceTree = "<group>";
		};
/* End PBXGroup section */

/* Begin PBXNativeTarget section */
		24FE7D1D24A18CA8007AFE97 /* iOS */ = {
			isa = PBXNativeTarget;
			buildConfigurationList = 24FE7D3224A18CA8007AFE97 /* Build configuration list for PBXNativeTarget "iOS" */;
			buildPhases = (
				24FE7D1A24A18CA8007AFE97 /* Sources */,
				24FE7D1B24A18CA8007AFE97 /* Frameworks */,
				24FE7D1C24A18CA8007AFE97 /* Resources */,
			);
			buildRules = (
			);
			dependencies = (
			);
			name = iOS;
			productName = iOS;
			productReference = 24FE7D1E24A18CA8007AFE97 /* Ressit.app */;
			productType = "com.apple.product-type.application";
		};
		24FE7D2524A18CA8007AFE97 /* macOS */ = {
			isa = PBXNativeTarget;
			buildConfigurationList = 24FE7D3524A18CA8007AFE97 /* Build configuration list for PBXNativeTarget "macOS" */;
			buildPhases = (
				24FE7D2224A18CA8007AFE97 /* Sources */,
				24FE7D2324A18CA8007AFE97 /* Frameworks */,
				24FE7D2424A18CA8007AFE97 /* Resources */,
			);
			buildRules = (
			);
			dependencies = (
			);
			name = macOS;
			productName = macOS;
			productReference = 24FE7D2624A18CA8007AFE97 /* Ressit.app */;
			productType = "com.apple.product-type.application";
		};
/* End PBXNativeTarget section */

/* Begin PBXProject section */
		24FE7D1224A18CA7007AFE97 /* Project object */ = {
			isa = PBXProject;
			attributes = {
				LastSwiftUpdateCheck = 1200;
				LastUpgradeCheck = 1200;
				TargetAttributes = {
					24FE7D1D24A18CA8007AFE97 = {
						CreatedOnToolsVersion = 12.0;
					};
					24FE7D2524A18CA8007AFE97 = {
						CreatedOnToolsVersion = 12.0;
					};
				};
			};
			buildConfigurationList = 24FE7D1524A18CA7007AFE97 /* Build configuration list for PBXProject "Ressit" */;
			compatibilityVersion = "Xcode 12.0";
			developmentRegion = en;
			hasScannedForEncodings = 0;
			knownRegions = (
				en,
				Base,
			);
			mainGroup = 24FE7D1124A18CA7007AFE97;
			productRefGroup = 24FE7D1F24A18CA8007AFE97 /* Products */;
			projectDirPath = "";
			projectRoot = "";
			targets = (
				24FE7D1D24A18CA8007AFE97 /* iOS */,
				24FE7D2524A18CA8007AFE97 /* macOS */,
			);
		};
/* End PBXProject section */

/* Begin PBXResourcesBuildPhase section */
		24FE7D1C24A18CA8007AFE97 /* Resources */ = {
			isa = PBXResourcesBuildPhase;
			buildActionMask = 2147483647;
			files = (
				2450EB4D24A2F98800654B95 /* Preview Assets.xcassets in Resources */,
				24FE7D2E24A18CA8007AFE97 /* Assets.xcassets in Resources */,
			);
			runOnlyForDeploymentPostprocessing = 0;
		};
		24FE7D2424A18CA8007AFE97 /* Resources */ = {
			isa = PBXResourcesBuildPhase;
			buildActionMask = 2147483647;
			files = (
				2450EB4E24A2F98800654B95 /* Preview Assets.xcassets in Resources */,
				24FE7D2F24A18CA8007AFE97 /* Assets.xcassets in Resources */,
			);
			runOnlyForDeploymentPostprocessing = 0;
		};
/* End PBXResourcesBuildPhase section */

/* Begin PBXSourcesBuildPhase section */
		24FE7D1A24A18CA8007AFE97 /* Sources */ = {
			isa = PBXSourcesBuildPhase;
			buildActionMask = 2147483647;
			files = (
				2450EB3124A2F98800654B95 /* RedditComment.swift in Sources */,
				2450EB1D24A2F98800654B95 /* Formatting.swift in Sources */,
				2450EB1B24A2F98800654B95 /* Crypto.swift in Sources */,
				2450EB6324A2F98800654B95 /* PriorityIcon.swift in Sources */,
				2450EB3324A2F98800654B95 /* RedditContainers.swift in Sources */,
				2450EB7A24A2F9B600654B95 /* SearchBar.swift in Sources */,
				2450EB7D24A2F9B600654B95 /* ShareView.swift in Sources */,
				2450EB3924A2F98800654B95 /* RedditIdentifiable.swift in Sources */,
				2450EB4524A2F98800654B95 /* SubredditPostsViewModel.swift in Sources */,
				2450EB2524A2F98800654B95 /* UserPostMetadata.swift in Sources */,
				2450EB3B24A2F98800654B95 /* RedditView.swift in Sources */,
				2450EB5524A2F98800654B95 /* SubredditPostComments.swift in Sources */,
				2450EB2924A2F98800654B95 /* CoreData.xcdatamodeld in Sources */,
				2450EB5124A2F98800654B95 /* SubredditPostsView.swift in Sources */,
				2450EB7624A2F9B600654B95 /* SafariView.swift in Sources */,
				24CC8D0124A67D01005A3414 /* Labels.swift in Sources */,
				2450EB5F24A2F98800654B95 /* CommonViews.swift in Sources */,
				2450EB5924A2F98800654B95 /* SubredditsView.swift in Sources */,
				2450EB6924A2F98800654B95 /* SwipeActions.swift in Sources */,
				24FE7D2C24A18CA8007AFE97 /* ContentView.swift in Sources */,
				2450EB2324A2F98800654B95 /* UserSubreddit.swift in Sources */,
				2450EB7924A2F9B600654B95 /* TextAttributed.swift in Sources */,
				2450EB1924A2F98800654B95 /* Extensions.swift in Sources */,
				2450EB2F24A2F98800654B95 /* RedditAuth.swift in Sources */,
				2450EB5B24A2F98800654B95 /* SubredditsManage.swift in Sources */,
				2450EB4924A2F98800654B95 /* SubredditViewModels.swift in Sources */,
				24FE7D2A24A18CA8007AFE97 /* RessitApp.swift in Sources */,
				2450EB5324A2F98800654B95 /* SubredditPostListEntry.swift in Sources */,
				2450EB7724A2F9B600654B95 /* VideoViewer.swift in Sources */,
				2450EB2B24A2F98800654B95 /* RedditClient.swift in Sources */,
				2450EB6B24A2F98800654B95 /* CommonModifiers.swift in Sources */,
				2450EB4F24A2F98800654B95 /* BrowseView.swift in Sources */,
				2450EB3724A2F98800654B95 /* RedditSubreddit.swift in Sources */,
				2450EB4B24A2F98800654B95 /* Colors.swift in Sources */,
				2450EB3524A2F98800654B95 /* RedditPost.swift in Sources */,
				2450EB6724A2F98800654B95 /* RelativeTime.swift in Sources */,
				2450EB6124A2F98800654B95 /* SectionHeader.swift in Sources */,
				2450EB4324A2F98800654B95 /* ImageDownloadView.swift in Sources */,
				2450EB4724A2F98800654B95 /* UserModel.swift in Sources */,
				2450EB7C24A2F9B600654B95 /* BlurView.swift in Sources */,
				2450EB1F24A2F98800654B95 /* Predicates.swift in Sources */,
				2450EB5D24A2F98800654B95 /* Welcome.swift in Sources */,
				2450EB4124A2F98800654B95 /* ImageDownloadViewModel.swift in Sources */,
				2450EB7B24A2F9B600654B95 /* ScrollImageView.swift in Sources */,
				2450EB6524A2F98800654B95 /* LoadingViews.swift in Sources */,
				2450EB2724A2F98800654B95 /* CoreDataModel.swift in Sources */,
				2450EB3F24A2F98800654B95 /* LocalView.swift in Sources */,
				2450EB5724A2F98800654B95 /* SubredditPostView.swift in Sources */,
				24A941D324BA132800ECB12C /* Types.swift in Sources */,
				2450EB7824A2F9B600654B95 /* YoutubeEmbedView.swift in Sources */,
				2450EB2124A2F98800654B95 /* UserPost.swift in Sources */,
				2450EB2D24A2F98800654B95 /* RedditResponsable.swift in Sources */,
				2450EB3D24A2F98800654B95 /* RedditViewModel.swift in Sources */,
			);
			runOnlyForDeploymentPostprocessing = 0;
		};
		24FE7D2224A18CA8007AFE97 /* Sources */ = {
			isa = PBXSourcesBuildPhase;
			buildActionMask = 2147483647;
			files = (
				2450EB3224A2F98800654B95 /* RedditComment.swift in Sources */,
				2450EB1E24A2F98800654B95 /* Formatting.swift in Sources */,
				2450EB1C24A2F98800654B95 /* Crypto.swift in Sources */,
				2450EB6424A2F98800654B95 /* PriorityIcon.swift in Sources */,
				2450EB3424A2F98800654B95 /* RedditContainers.swift in Sources */,
				2450EB3A24A2F98800654B95 /* RedditIdentifiable.swift in Sources */,
				2450EB4624A2F98800654B95 /* SubredditPostsViewModel.swift in Sources */,
				2450EB2624A2F98800654B95 /* UserPostMetadata.swift in Sources */,
				2450EB3C24A2F98800654B95 /* RedditView.swift in Sources */,
				2450EB5624A2F98800654B95 /* SubredditPostComments.swift in Sources */,
				2450EB2A24A2F98800654B95 /* CoreData.xcdatamodeld in Sources */,
				24CC8D0224A67D01005A3414 /* Labels.swift in Sources */,
				2450EB5224A2F98800654B95 /* SubredditPostsView.swift in Sources */,
				2450EB6024A2F98800654B95 /* CommonViews.swift in Sources */,
				2450EB5A24A2F98800654B95 /* SubredditsView.swift in Sources */,
				2450EB6A24A2F98800654B95 /* SwipeActions.swift in Sources */,
				24FE7D2D24A18CA8007AFE97 /* ContentView.swift in Sources */,
				2450EB2424A2F98800654B95 /* UserSubreddit.swift in Sources */,
				2450EB1A24A2F98800654B95 /* Extensions.swift in Sources */,
				2450EB3024A2F98800654B95 /* RedditAuth.swift in Sources */,
				2450EB5C24A2F98800654B95 /* SubredditsManage.swift in Sources */,
				2450EB4A24A2F98800654B95 /* SubredditViewModels.swift in Sources */,
				24FE7D2B24A18CA8007AFE97 /* RessitApp.swift in Sources */,
				2450EB5424A2F98800654B95 /* SubredditPostListEntry.swift in Sources */,
				2450EB2C24A2F98800654B95 /* RedditClient.swift in Sources */,
				2450EB6C24A2F98800654B95 /* CommonModifiers.swift in Sources */,
				2450EB5024A2F98800654B95 /* BrowseView.swift in Sources */,
				2450EB3824A2F98800654B95 /* RedditSubreddit.swift in Sources */,
				2450EB4C24A2F98800654B95 /* Colors.swift in Sources */,
				2450EB3624A2F98800654B95 /* RedditPost.swift in Sources */,
				2450EB6824A2F98800654B95 /* RelativeTime.swift in Sources */,
				2450EB6224A2F98800654B95 /* SectionHeader.swift in Sources */,
				2450EB4424A2F98800654B95 /* ImageDownloadView.swift in Sources */,
				24A941D424BA132800ECB12C /* Types.swift in Sources */,
				2450EB4824A2F98800654B95 /* UserModel.swift in Sources */,
				2450EB2024A2F98800654B95 /* Predicates.swift in Sources */,
				2450EB5E24A2F98800654B95 /* Welcome.swift in Sources */,
				2450EB4224A2F98800654B95 /* ImageDownloadViewModel.swift in Sources */,
				2450EB6624A2F98800654B95 /* LoadingViews.swift in Sources */,
				2450EB2824A2F98800654B95 /* CoreDataModel.swift in Sources */,
				2450EB4024A2F98800654B95 /* LocalView.swift in Sources */,
				2450EB5824A2F98800654B95 /* SubredditPostView.swift in Sources */,
				2450EB2224A2F98800654B95 /* UserPost.swift in Sources */,
				2450EB2E24A2F98800654B95 /* RedditResponsable.swift in Sources */,
				2450EB3E24A2F98800654B95 /* RedditViewModel.swift in Sources */,
			);
			runOnlyForDeploymentPostprocessing = 0;
		};
/* End PBXSourcesBuildPhase section */

/* Begin XCBuildConfiguration section */
		24FE7D3024A18CA8007AFE97 /* Debug */ = {
			isa = XCBuildConfiguration;
			buildSettings = {
				ALWAYS_SEARCH_USER_PATHS = NO;
				CLANG_ANALYZER_NONNULL = YES;
				CLANG_ANALYZER_NUMBER_OBJECT_CONVERSION = YES_AGGRESSIVE;
				CLANG_CXX_LANGUAGE_STANDARD = "gnu++14";
				CLANG_CXX_LIBRARY = "libc++";
				CLANG_ENABLE_MODULES = YES;
				CLANG_ENABLE_OBJC_ARC = YES;
				CLANG_ENABLE_OBJC_WEAK = YES;
				CLANG_WARN_BLOCK_CAPTURE_AUTORELEASING = YES;
				CLANG_WARN_BOOL_CONVERSION = YES;
				CLANG_WARN_COMMA = YES;
				CLANG_WARN_CONSTANT_CONVERSION = YES;
				CLANG_WARN_DEPRECATED_OBJC_IMPLEMENTATIONS = YES;
				CLANG_WARN_DIRECT_OBJC_ISA_USAGE = YES_ERROR;
				CLANG_WARN_DOCUMENTATION_COMMENTS = YES;
				CLANG_WARN_EMPTY_BODY = YES;
				CLANG_WARN_ENUM_CONVERSION = YES;
				CLANG_WARN_INFINITE_RECURSION = YES;
				CLANG_WARN_INT_CONVERSION = YES;
				CLANG_WARN_NON_LITERAL_NULL_CONVERSION = YES;
				CLANG_WARN_OBJC_IMPLICIT_RETAIN_SELF = YES;
				CLANG_WARN_OBJC_LITERAL_CONVERSION = YES;
				CLANG_WARN_OBJC_ROOT_CLASS = YES_ERROR;
				CLANG_WARN_QUOTED_INCLUDE_IN_FRAMEWORK_HEADER = YES;
				CLANG_WARN_RANGE_LOOP_ANALYSIS = YES;
				CLANG_WARN_STRICT_PROTOTYPES = YES;
				CLANG_WARN_SUSPICIOUS_MOVE = YES;
				CLANG_WARN_UNGUARDED_AVAILABILITY = YES_AGGRESSIVE;
				CLANG_WARN_UNREACHABLE_CODE = YES;
				CLANG_WARN__DUPLICATE_METHOD_MATCH = YES;
				COPY_PHASE_STRIP = NO;
				DEBUG_INFORMATION_FORMAT = dwarf;
				ENABLE_STRICT_OBJC_MSGSEND = YES;
				ENABLE_TESTABILITY = YES;
				GCC_C_LANGUAGE_STANDARD = gnu11;
				GCC_DYNAMIC_NO_PIC = NO;
				GCC_NO_COMMON_BLOCKS = YES;
				GCC_OPTIMIZATION_LEVEL = 0;
				GCC_PREPROCESSOR_DEFINITIONS = (
					"DEBUG=1",
					"$(inherited)",
				);
				GCC_WARN_64_TO_32_BIT_CONVERSION = YES;
				GCC_WARN_ABOUT_RETURN_TYPE = YES_ERROR;
				GCC_WARN_UNDECLARED_SELECTOR = YES;
				GCC_WARN_UNINITIALIZED_AUTOS = YES_AGGRESSIVE;
				GCC_WARN_UNUSED_FUNCTION = YES;
				GCC_WARN_UNUSED_VARIABLE = YES;
				MTL_ENABLE_DEBUG_INFO = INCLUDE_SOURCE;
				MTL_FAST_MATH = YES;
				ONLY_ACTIVE_ARCH = YES;
				SWIFT_ACTIVE_COMPILATION_CONDITIONS = DEBUG;
				SWIFT_OPTIMIZATION_LEVEL = "-Onone";
			};
			name = Debug;
		};
		24FE7D3124A18CA8007AFE97 /* Release */ = {
			isa = XCBuildConfiguration;
			buildSettings = {
				ALWAYS_SEARCH_USER_PATHS = NO;
				CLANG_ANALYZER_NONNULL = YES;
				CLANG_ANALYZER_NUMBER_OBJECT_CONVERSION = YES_AGGRESSIVE;
				CLANG_CXX_LANGUAGE_STANDARD = "gnu++14";
				CLANG_CXX_LIBRARY = "libc++";
				CLANG_ENABLE_MODULES = YES;
				CLANG_ENABLE_OBJC_ARC = YES;
				CLANG_ENABLE_OBJC_WEAK = YES;
				CLANG_WARN_BLOCK_CAPTURE_AUTORELEASING = YES;
				CLANG_WARN_BOOL_CONVERSION = YES;
				CLANG_WARN_COMMA = YES;
				CLANG_WARN_CONSTANT_CONVERSION = YES;
				CLANG_WARN_DEPRECATED_OBJC_IMPLEMENTATIONS = YES;
				CLANG_WARN_DIRECT_OBJC_ISA_USAGE = YES_ERROR;
				CLANG_WARN_DOCUMENTATION_COMMENTS = YES;
				CLANG_WARN_EMPTY_BODY = YES;
				CLANG_WARN_ENUM_CONVERSION = YES;
				CLANG_WARN_INFINITE_RECURSION = YES;
				CLANG_WARN_INT_CONVERSION = YES;
				CLANG_WARN_NON_LITERAL_NULL_CONVERSION = YES;
				CLANG_WARN_OBJC_IMPLICIT_RETAIN_SELF = YES;
				CLANG_WARN_OBJC_LITERAL_CONVERSION = YES;
				CLANG_WARN_OBJC_ROOT_CLASS = YES_ERROR;
				CLANG_WARN_QUOTED_INCLUDE_IN_FRAMEWORK_HEADER = YES;
				CLANG_WARN_RANGE_LOOP_ANALYSIS = YES;
				CLANG_WARN_STRICT_PROTOTYPES = YES;
				CLANG_WARN_SUSPICIOUS_MOVE = YES;
				CLANG_WARN_UNGUARDED_AVAILABILITY = YES_AGGRESSIVE;
				CLANG_WARN_UNREACHABLE_CODE = YES;
				CLANG_WARN__DUPLICATE_METHOD_MATCH = YES;
				COPY_PHASE_STRIP = NO;
				DEBUG_INFORMATION_FORMAT = "dwarf-with-dsym";
				ENABLE_NS_ASSERTIONS = NO;
				ENABLE_STRICT_OBJC_MSGSEND = YES;
				GCC_C_LANGUAGE_STANDARD = gnu11;
				GCC_NO_COMMON_BLOCKS = YES;
				GCC_WARN_64_TO_32_BIT_CONVERSION = YES;
				GCC_WARN_ABOUT_RETURN_TYPE = YES_ERROR;
				GCC_WARN_UNDECLARED_SELECTOR = YES;
				GCC_WARN_UNINITIALIZED_AUTOS = YES_AGGRESSIVE;
				GCC_WARN_UNUSED_FUNCTION = YES;
				GCC_WARN_UNUSED_VARIABLE = YES;
				MTL_ENABLE_DEBUG_INFO = NO;
				MTL_FAST_MATH = YES;
				SWIFT_COMPILATION_MODE = wholemodule;
				SWIFT_OPTIMIZATION_LEVEL = "-O";
			};
			name = Release;
		};
		24FE7D3324A18CA8007AFE97 /* Debug */ = {
			isa = XCBuildConfiguration;
			buildSettings = {
				ASSETCATALOG_COMPILER_APPICON_NAME = AppIcon;
				ASSETCATALOG_COMPILER_GLOBAL_ACCENT_COLOR_NAME = AccentColor;
				CODE_SIGN_ENTITLEMENTS = iOS/Ressit.entitlements;
				CODE_SIGN_IDENTITY = "Apple Development";
				CODE_SIGN_STYLE = Automatic;
				DEVELOPMENT_TEAM = P3YWQG9C86;
				ENABLE_PREVIEWS = YES;
				INFOPLIST_FILE = iOS/Info.plist;
				IPHONEOS_DEPLOYMENT_TARGET = 14.0;
				LD_RUNPATH_SEARCH_PATHS = (
					"$(inherited)",
					"@executable_path/Frameworks",
				);
				PRODUCT_BUNDLE_IDENTIFIER = is.ky.ressit;
				PRODUCT_NAME = Ressit;
				PROVISIONING_PROFILE_SPECIFIER = "";
				SDKROOT = iphoneos;
				SWIFT_VERSION = 5.0;
				TARGETED_DEVICE_FAMILY = "1,2";
			};
			name = Debug;
		};
		24FE7D3424A18CA8007AFE97 /* Release */ = {
			isa = XCBuildConfiguration;
			buildSettings = {
				ASSETCATALOG_COMPILER_APPICON_NAME = AppIcon;
				ASSETCATALOG_COMPILER_GLOBAL_ACCENT_COLOR_NAME = AccentColor;
				CODE_SIGN_ENTITLEMENTS = iOS/Ressit.entitlements;
				CODE_SIGN_IDENTITY = "Apple Development";
				CODE_SIGN_STYLE = Automatic;
				DEVELOPMENT_TEAM = P3YWQG9C86;
				ENABLE_PREVIEWS = YES;
				INFOPLIST_FILE = iOS/Info.plist;
				IPHONEOS_DEPLOYMENT_TARGET = 14.0;
				LD_RUNPATH_SEARCH_PATHS = (
					"$(inherited)",
					"@executable_path/Frameworks",
				);
				PRODUCT_BUNDLE_IDENTIFIER = is.ky.ressit;
				PRODUCT_NAME = Ressit;
				PROVISIONING_PROFILE_SPECIFIER = "";
				SDKROOT = iphoneos;
				SWIFT_VERSION = 5.0;
				TARGETED_DEVICE_FAMILY = "1,2";
				VALIDATE_PRODUCT = YES;
			};
			name = Release;
		};
		24FE7D3624A18CA8007AFE97 /* Debug */ = {
			isa = XCBuildConfiguration;
			buildSettings = {
				ASSETCATALOG_COMPILER_APPICON_NAME = AppIcon;
				ASSETCATALOG_COMPILER_GLOBAL_ACCENT_COLOR_NAME = AccentColor;
				CODE_SIGN_ENTITLEMENTS = macOS/macOS.entitlements;
				CODE_SIGN_STYLE = Automatic;
				COMBINE_HIDPI_IMAGES = YES;
				DEVELOPMENT_TEAM = P3YWQG9C86;
				ENABLE_HARDENED_RUNTIME = YES;
				ENABLE_PREVIEWS = YES;
				INFOPLIST_FILE = macOS/Info.plist;
				LD_RUNPATH_SEARCH_PATHS = (
					"$(inherited)",
					"@executable_path/../Frameworks",
				);
				MACOSX_DEPLOYMENT_TARGET = 10.16;
				PRODUCT_BUNDLE_IDENTIFIER = is.ky.ressit;
				PRODUCT_NAME = Ressit;
				SDKROOT = macosx;
				SWIFT_VERSION = 5.0;
			};
			name = Debug;
		};
		24FE7D3724A18CA8007AFE97 /* Release */ = {
			isa = XCBuildConfiguration;
			buildSettings = {
				ASSETCATALOG_COMPILER_APPICON_NAME = AppIcon;
				ASSETCATALOG_COMPILER_GLOBAL_ACCENT_COLOR_NAME = AccentColor;
				CODE_SIGN_ENTITLEMENTS = macOS/macOS.entitlements;
				CODE_SIGN_STYLE = Automatic;
				COMBINE_HIDPI_IMAGES = YES;
				DEVELOPMENT_TEAM = P3YWQG9C86;
				ENABLE_HARDENED_RUNTIME = YES;
				ENABLE_PREVIEWS = YES;
				INFOPLIST_FILE = macOS/Info.plist;
				LD_RUNPATH_SEARCH_PATHS = (
					"$(inherited)",
					"@executable_path/../Frameworks",
				);
				MACOSX_DEPLOYMENT_TARGET = 10.16;
				PRODUCT_BUNDLE_IDENTIFIER = is.ky.ressit;
				PRODUCT_NAME = Ressit;
				SDKROOT = macosx;
				SWIFT_VERSION = 5.0;
			};
			name = Release;
		};
/* End XCBuildConfiguration section */

/* Begin XCConfigurationList section */
		24FE7D1524A18CA7007AFE97 /* Build configuration list for PBXProject "Ressit" */ = {
			isa = XCConfigurationList;
			buildConfigurations = (
				24FE7D3024A18CA8007AFE97 /* Debug */,
				24FE7D3124A18CA8007AFE97 /* Release */,
			);
			defaultConfigurationIsVisible = 0;
			defaultConfigurationName = Release;
		};
		24FE7D3224A18CA8007AFE97 /* Build configuration list for PBXNativeTarget "iOS" */ = {
			isa = XCConfigurationList;
			buildConfigurations = (
				24FE7D3324A18CA8007AFE97 /* Debug */,
				24FE7D3424A18CA8007AFE97 /* Release */,
			);
			defaultConfigurationIsVisible = 0;
			defaultConfigurationName = Release;
		};
		24FE7D3524A18CA8007AFE97 /* Build configuration list for PBXNativeTarget "macOS" */ = {
			isa = XCConfigurationList;
			buildConfigurations = (
				24FE7D3624A18CA8007AFE97 /* Debug */,
				24FE7D3724A18CA8007AFE97 /* Release */,
			);
			defaultConfigurationIsVisible = 0;
			defaultConfigurationName = Release;
		};
/* End XCConfigurationList section */

/* Begin XCVersionGroup section */
		2450EAE624A2F98700654B95 /* CoreData.xcdatamodeld */ = {
			isa = XCVersionGroup;
			children = (
				2450EAE724A2F98700654B95 /* CoreData.xcdatamodel */,
			);
			currentVersion = 2450EAE724A2F98700654B95 /* CoreData.xcdatamodel */;
			path = CoreData.xcdatamodeld;
			sourceTree = "<group>";
			versionGroupType = wrapper.xcdatamodel;
		};
/* End XCVersionGroup section */
	};
	rootObject = 24FE7D1224A18CA7007AFE97 /* Project object */;
}
